<?xml version="1.0" encoding="utf-8"?>
<Project ToolsVersion="4.0" xmlns="http://schemas.microsoft.com/developer/msbuild/2003">
  <ItemGroup>
    <Filter Include="Source Files">
      <UniqueIdentifier>{9715cf9c-904f-45b7-a7ba-e36c160e882e}</UniqueIdentifier>
      <Extensions>cpp;c;cxx;rc;def;odl;idl;hpj;bat;asm</Extensions>
    </Filter>
    <Filter Include="Header Files">
      <UniqueIdentifier>{881474b1-33d8-4c03-b2c8-f720dacaf98c}</UniqueIdentifier>
      <Extensions>h;hpp;hxx;hm;inl;inc</Extensions>
    </Filter>
    <Filter Include="Header Files\filters">
      <UniqueIdentifier>{74c0965c-ae4c-469a-b98a-39841026d03a}</UniqueIdentifier>
    </Filter>
    <Filter Include="Resource Files">
      <UniqueIdentifier>{9e139a86-7189-4f11-9765-50486927b859}</UniqueIdentifier>
      <Extensions>ico;cur;bmp;dlg;rc2;rct;bin;rgs;gif;jpg;jpeg;jpe</Extensions>
    </Filter>
  </ItemGroup>
  <ItemGroup>
    <ClCompile Include="ParticleEffect.cpp">
      <Filter>Source Files</Filter>
    </ClCompile>
    <ClCompile Include="ParticleParamFunctions.cpp">
      <Filter>Source Files</Filter>
    </ClCompile>
    <ClCompile Include="Particles.cpp">
      <Filter>Source Files</Filter>
    </ClCompile>
    <ClCompile Include="stdafx.cpp">
      <Filter>Source Files</Filter>
    </ClCompile>
  </ItemGroup>
  <ItemGroup>
    <ClInclude Include="..\..\Include\IParticleManager.h">
      <Filter>Header Files</Filter>
    </ClInclude>
    <ClInclude Include="..\..\Include\ParticleParameters.h">
      <Filter>Header Files</Filter>
    </ClInclude>
    <ClInclude Include="ParticleParamFunctions.h">
      <Filter>Header Files</Filter>
    </ClInclude>
    <ClInclude Include="ParticleSaveStructs.h">
      <Filter>Header Files</Filter>
    </ClInclude>
    <ClInclude Include="ParticleSystem.h">
      <Filter>Header Files</Filter>
    </ClInclude>
    <ClInclude Include="stdafx.h">
      <Filter>Header Files</Filter>
    </ClInclude>
    <ClInclude Include="PFAcceleration.h">
      <Filter>Header Files\filters</Filter>
    </ClInclude>
    <ClInclude Include="PFBillboardRender.h">
      <Filter>Header Files\filters</Filter>
    </ClInclude>
    <ClInclude Include="PFBoxShaper.h">
      <Filter>Header Files\filters</Filter>
    </ClInclude>
    <ClInclude Include="PFCameraShake.h">
      <Filter>Header Files\filters</Filter>
    </ClInclude>
    <ClInclude Include="PFCameraSort.h">
      <Filter>Header Files\filters</Filter>
    </ClInclude>
    <ClInclude Include="PFCylinderShaper.h">
      <Filter>Header Files\filters</Filter>
    </ClInclude>
    <ClInclude Include="PFDirectionalGravity.h">
      <Filter>Header Files\filters</Filter>
    </ClInclude>
    <ClInclude Include="PFDistanceDeltaHitter.h">
      <Filter>Header Files\filters</Filter>
    </ClInclude>
    <ClInclude Include="PFEventEmmiter.h">
      <Filter>Header Files\filters</Filter>
    </ClInclude>
    <ClInclude Include="PFEventKiller.h">
      <Filter>Header Files\filters</Filter>
    </ClInclude>
    <ClInclude Include="PFFixedEmmiter.h">
      <Filter>Header Files\filters</Filter>
    </ClInclude>
    <ClInclude Include="PFInitialDirectedVelocity.h">
      <Filter>Header Files\filters</Filter>
    </ClInclude>
    <ClInclude Include="PFInitialVelocity.h">
      <Filter>Header Files\filters</Filter>
    </ClInclude>
    <ClInclude Include="PFMatModColor.h">
      <Filter>Header Files\filters</Filter>
    </ClInclude>
    <ClInclude Include="PFMatModFloat.h">
      <Filter>Header Files\filters</Filter>
    </ClInclude>
    <ClInclude Include="PFMeshCut.h">
      <Filter>Header Files\filters</Filter>
    </ClInclude>
    <ClInclude Include="PFMeshInst.h">
      <Filter>Header Files\filters</Filter>
    </ClInclude>
    <ClInclude Include="PFMeshRef.h">
      <Filter>Header Files\filters</Filter>
    </ClInclude>
    <ClInclude Include="PFMeshRender.h">
      <Filter>Header Files\filters</Filter>
    </ClInclude>
    <ClInclude Include="PFMeshSlice.h">
      <Filter>Header Files\filters</Filter>
    </ClInclude>
    <ClInclude Include="PFMotionInterp.h">
      <Filter>Header Files\filters</Filter>
    </ClInclude>
    <ClInclude Include="PFPointEmmiter.h">
      <Filter>Header Files\filters</Filter>
    </ClInclude>
    <ClInclude Include="PFPointGravity.h">
      <Filter>Header Files\filters</Filter>
    </ClInclude>
    <ClInclude Include="PFShutdownTimer.h">
      <Filter>Header Files\filters</Filter>
    </ClInclude>
    <ClInclude Include="PFSpawn.h">
      <Filter>Header Files\filters</Filter>
    </ClInclude>
    <ClInclude Include="PFSphereHitter.h">
      <Filter>Header Files\filters</Filter>
    </ClInclude>
    <ClInclude Include="PFSphereShaper.h">
      <Filter>Header Files\filters</Filter>
    </ClInclude>
    <ClInclude Include="PFTargetShaper.h">
      <Filter>Header Files\filters</Filter>
    </ClInclude>
  </ItemGroup>
</Project>