Microsoft Visual Studio Solution File, Format Version 7.00
Project("{8BC9CEB8-8B4A-11D0-8D11-00A0C91BC942}") = "CmpndView", "CmpndView.vcproj", "{EA806CE8-05E3-4CF3-9AE5-54982F352E11}"
EndProject
Global
	GlobalSection(SourceCodeControl) = preSolution
		SccNumberOfProjects = 1
		SccProjectUniqueName0 = CmpndView.vcproj
		SccProjectName0 = \u0022$/Tools/ObjView\u0022,\u0020BLGAAAAA
		SccLocalPath0 = .
		SccProvider0 = MSSCCI:NXN\u0020alienbrain
		CanCheckoutShared = true
	EndGlobalSection
	GlobalSection(SolutionConfiguration) = preSolution
		ConfigName.0 = Debug
		ConfigName.1 = MSHeap Debug
		ConfigName.2 = MSHeap Release
		ConfigName.3 = Release
	EndGlobalSection
	GlobalSection(ProjectDependencies) = postSolution
	EndGlobalSection
	GlobalSection(ProjectConfiguration) = postSolution
		{EA806CE8-05E3-4CF3-9AE5-54982F352E11}.Debug.ActiveCfg = Debug|Win32
		{EA806CE8-05E3-4CF3-9AE5-54982F352E11}.Debug.Build.0 = Debug|Win32
		{EA806CE8-05E3-4CF3-9AE5-54982F352E11}.MSHeap Debug.ActiveCfg = MSHeap Debug|Win32
		{EA806CE8-05E3-4CF3-9AE5-54982F352E11}.MSHeap Debug.Build.0 = MSHeap Debug|Win32
		{EA806CE8-05E3-4CF3-9AE5-54982F352E11}.MSHeap Release.ActiveCfg = MSHeap Release|Win32
		{EA806CE8-05E3-4CF3-9AE5-54982F352E11}.MSHeap Release.Build.0 = MSHeap Release|Win32
		{EA806CE8-05E3-4CF3-9AE5-54982F352E11}.Release.ActiveCfg = Release|Win32
		{EA806CE8-05E3-4CF3-9AE5-54982F352E11}.Release.Build.0 = Release|Win32
	EndGlobalSection
	GlobalSection(ExtensibilityGlobals) = postSolution
	EndGlobalSection
	GlobalSection(ExtensibilityAddIns) = postSolution
	EndGlobalSection
EndGlobal
