Microsoft Visual Studio Solution File, Format Version 12.00
# Visual Studio Version 17
VisualStudioVersion = 17.0.31903.59
MinimumVisualStudioVersion = 10.0.40219.1
Project("{BC8A1FFA-BEE3-4634-8014-F334798102B3}") = "Mantis_T", "Mantis_T\Mantis_T.vcxproj", "{1B2D19D6-5999-5802-A1A6-3DAA1E179C0B}"
EndProject
Project("{BC8A1FFA-BEE3-4634-8014-F334798102B3}") = "SCRIPT01", "Script02T\Script01T\Script01T.vcxproj", "{E863C8A3-52E2-5BAE-A368-F2B271094046}"
EndProject
Project("{BC8A1FFA-BEE3-4634-8014-F334798102B3}") = "SCRIPT02", "Script02T\Script02T.vcxproj", "{B30117DE-55F9-51F4-855D-FB0E2FDED895}"
EndProject
Project("{BC8A1FFA-BEE3-4634-8014-F334798102B3}") = "SCRIPT03", "Script03T\Script03T.vcxproj", "{DBD9D9A1-664E-5E46-9852-008879BB3F1A}"
EndProject
Project("{BC8A1FFA-BEE3-4634-8014-F334798102B3}") = "SCRIPT04", "Script04T\Script04T.vcxproj", "{CC0BD363-DF24-5FDE-8E3D-8D609EB5732E}"
EndProject
Project("{BC8A1FFA-BEE3-4634-8014-F334798102B3}") = "SCRIPT05", "Script05T\Script05T.vcxproj", "{6C25265A-5999-53AB-8CB8-C61665CB4DDD}"
EndProject
Project("{BC8A1FFA-BEE3-4634-8014-F334798102B3}") = "SCRIPT06", "Script06T\Script06T.vcxproj", "{E35E2BB8-417A-5A5B-9E30-D49E74121190}"
EndProject
Project("{BC8A1FFA-BEE3-4634-8014-F334798102B3}") = "SCRIPT07", "Script07T\Script07T.vcxproj", "{DCB7579A-B4B9-5A0F-AB66-B30B67FCE3FD}"
EndProject
Project("{BC8A1FFA-BEE3-4634-8014-F334798102B3}") = "SCRIPT08", "Script08T\Script08T.vcxproj", "{91F74ECE-4ACF-55E1-9B92-586299F35C32}"
EndProject
Project("{BC8A1FFA-BEE3-4634-8014-F334798102B3}") = "SCRIPT09", "Script09T\Script09T.vcxproj", "{18DD7A1F-B4C6-5A5C-8177-066089BFFFA0}"
EndProject
Project("{BC8A1FFA-BEE3-4634-8014-F334798102B3}") = "SCRIPT10", "Script10T\Script10T.vcxproj", "{27DD2870-0AA9-52F8-B5CF-7A99FDD6D700}"
EndProject
Project("{BC8A1FFA-BEE3-4634-8014-F334798102B3}") = "SCRIPT11", "Script11T\Script11T.vcxproj", "{15101D2C-6BAE-5A4C-970A-3ED29E8E6C8B}"
EndProject
Project("{BC8A1FFA-BEE3-4634-8014-F334798102B3}") = "SCRIPT12", "Script12T\Script12T.vcxproj", "{DD7792B1-B0E9-5B4F-989D-87CBC395995C}"
EndProject
Project("{BC8A1FFA-BEE3-4634-8014-F334798102B3}") = "SCRIPT13", "Script13T\Script13T.vcxproj", "{3BFD7CA8-25ED-51FA-A09E-AA9245EBBC31}"
EndProject
Project("{BC8A1FFA-BEE3-4634-8014-F334798102B3}") = "SCRIPT14", "Script14T\Script14T.vcxproj", "{A094F8B2-4BAD-502C-8C0B-016815225520}"
EndProject
Project("{BC8A1FFA-BEE3-4634-8014-F334798102B3}") = "SCRIPT15", "Script15T\Script15T.vcxproj", "{61CF8A53-60EC-5258-9A5B-5D243A38E0BA}"
EndProject
Project("{BC8A1FFA-BEE3-4634-8014-F334798102B3}") = "SCRIPT16", "Script16T\Script16T.vcxproj", "{FB50F301-14D9-5514-826F-FD572574D0BD}"
EndProject
Project("{BC8A1FFA-BEE3-4634-8014-F334798102B3}") = "Sol_T", "Sol_T\Sol_T.vcxproj", "{BA895946-FD5F-5FCC-8CD7-580197D8765A}"
EndProject
Global
	GlobalSection(SolutionConfigurationPlatforms) = preSolution
		Debug|Win32 = Debug|Win32
		Release|Win32 = Release|Win32
	EndGlobalSection
	GlobalSection(ProjectConfigurationPlatforms) = postSolution
		{1B2D19D6-5999-5802-A1A6-3DAA1E179C0B}.Debug|Win32.ActiveCfg = Debug|Win32
		{1B2D19D6-5999-5802-A1A6-3DAA1E179C0B}.Debug|Win32.Build.0 = Debug|Win32
		{1B2D19D6-5999-5802-A1A6-3DAA1E179C0B}.Release|Win32.ActiveCfg = Release|Win32
		{1B2D19D6-5999-5802-A1A6-3DAA1E179C0B}.Release|Win32.Build.0 = Release|Win32
		{E863C8A3-52E2-5BAE-A368-F2B271094046}.Debug|Win32.ActiveCfg = Debug|Win32
		{E863C8A3-52E2-5BAE-A368-F2B271094046}.Debug|Win32.Build.0 = Debug|Win32
		{E863C8A3-52E2-5BAE-A368-F2B271094046}.Release|Win32.ActiveCfg = Release|Win32
		{E863C8A3-52E2-5BAE-A368-F2B271094046}.Release|Win32.Build.0 = Release|Win32
		{B30117DE-55F9-51F4-855D-FB0E2FDED895}.Debug|Win32.ActiveCfg = Debug|Win32
		{B30117DE-55F9-51F4-855D-FB0E2FDED895}.Debug|Win32.Build.0 = Debug|Win32
		{B30117DE-55F9-51F4-855D-FB0E2FDED895}.Release|Win32.ActiveCfg = Release|Win32
		{B30117DE-55F9-51F4-855D-FB0E2FDED895}.Release|Win32.Build.0 = Release|Win32
		{DBD9D9A1-664E-5E46-9852-008879BB3F1A}.Debug|Win32.ActiveCfg = Debug|Win32
		{DBD9D9A1-664E-5E46-9852-008879BB3F1A}.Debug|Win32.Build.0 = Debug|Win32
		{DBD9D9A1-664E-5E46-9852-008879BB3F1A}.Release|Win32.ActiveCfg = Release|Win32
		{DBD9D9A1-664E-5E46-9852-008879BB3F1A}.Release|Win32.Build.0 = Release|Win32
		{CC0BD363-DF24-5FDE-8E3D-8D609EB5732E}.Debug|Win32.ActiveCfg = Debug|Win32
		{CC0BD363-DF24-5FDE-8E3D-8D609EB5732E}.Debug|Win32.Build.0 = Debug|Win32
		{CC0BD363-DF24-5FDE-8E3D-8D609EB5732E}.Release|Win32.ActiveCfg = Release|Win32
		{CC0BD363-DF24-5FDE-8E3D-8D609EB5732E}.Release|Win32.Build.0 = Release|Win32
		{6C25265A-5999-53AB-8CB8-C61665CB4DDD}.Debug|Win32.ActiveCfg = Debug|Win32
		{6C25265A-5999-53AB-8CB8-C61665CB4DDD}.Debug|Win32.Build.0 = Debug|Win32
		{6C25265A-5999-53AB-8CB8-C61665CB4DDD}.Release|Win32.ActiveCfg = Release|Win32
		{6C25265A-5999-53AB-8CB8-C61665CB4DDD}.Release|Win32.Build.0 = Release|Win32
		{E35E2BB8-417A-5A5B-9E30-D49E74121190}.Debug|Win32.ActiveCfg = Debug|Win32
		{E35E2BB8-417A-5A5B-9E30-D49E74121190}.Debug|Win32.Build.0 = Debug|Win32
		{E35E2BB8-417A-5A5B-9E30-D49E74121190}.Release|Win32.ActiveCfg = Release|Win32
		{E35E2BB8-417A-5A5B-9E30-D49E74121190}.Release|Win32.Build.0 = Release|Win32
		{DCB7579A-B4B9-5A0F-AB66-B30B67FCE3FD}.Debug|Win32.ActiveCfg = Debug|Win32
		{DCB7579A-B4B9-5A0F-AB66-B30B67FCE3FD}.Debug|Win32.Build.0 = Debug|Win32
		{DCB7579A-B4B9-5A0F-AB66-B30B67FCE3FD}.Release|Win32.ActiveCfg = Release|Win32
		{DCB7579A-B4B9-5A0F-AB66-B30B67FCE3FD}.Release|Win32.Build.0 = Release|Win32
		{91F74ECE-4ACF-55E1-9B92-586299F35C32}.Debug|Win32.ActiveCfg = Debug|Win32
		{91F74ECE-4ACF-55E1-9B92-586299F35C32}.Debug|Win32.Build.0 = Debug|Win32
		{91F74ECE-4ACF-55E1-9B92-586299F35C32}.Release|Win32.ActiveCfg = Release|Win32
		{91F74ECE-4ACF-55E1-9B92-586299F35C32}.Release|Win32.Build.0 = Release|Win32
		{18DD7A1F-B4C6-5A5C-8177-066089BFFFA0}.Debug|Win32.ActiveCfg = Debug|Win32
		{18DD7A1F-B4C6-5A5C-8177-066089BFFFA0}.Debug|Win32.Build.0 = Debug|Win32
		{18DD7A1F-B4C6-5A5C-8177-066089BFFFA0}.Release|Win32.ActiveCfg = Release|Win32
		{18DD7A1F-B4C6-5A5C-8177-066089BFFFA0}.Release|Win32.Build.0 = Release|Win32
		{27DD2870-0AA9-52F8-B5CF-7A99FDD6D700}.Debug|Win32.ActiveCfg = Debug|Win32
		{27DD2870-0AA9-52F8-B5CF-7A99FDD6D700}.Debug|Win32.Build.0 = Debug|Win32
		{27DD2870-0AA9-52F8-B5CF-7A99FDD6D700}.Release|Win32.ActiveCfg = Release|Win32
		{27DD2870-0AA9-52F8-B5CF-7A99FDD6D700}.Release|Win32.Build.0 = Release|Win32
		{15101D2C-6BAE-5A4C-970A-3ED29E8E6C8B}.Debug|Win32.ActiveCfg = Debug|Win32
		{15101D2C-6BAE-5A4C-970A-3ED29E8E6C8B}.Debug|Win32.Build.0 = Debug|Win32
		{15101D2C-6BAE-5A4C-970A-3ED29E8E6C8B}.Release|Win32.ActiveCfg = Release|Win32
		{15101D2C-6BAE-5A4C-970A-3ED29E8E6C8B}.Release|Win32.Build.0 = Release|Win32
		{DD7792B1-B0E9-5B4F-989D-87CBC395995C}.Debug|Win32.ActiveCfg = Debug|Win32
		{DD7792B1-B0E9-5B4F-989D-87CBC395995C}.Debug|Win32.Build.0 = Debug|Win32
		{DD7792B1-B0E9-5B4F-989D-87CBC395995C}.Release|Win32.ActiveCfg = Release|Win32
		{DD7792B1-B0E9-5B4F-989D-87CBC395995C}.Release|Win32.Build.0 = Release|Win32
		{3BFD7CA8-25ED-51FA-A09E-AA9245EBBC31}.Debug|Win32.ActiveCfg = Debug|Win32
		{3BFD7CA8-25ED-51FA-A09E-AA9245EBBC31}.Debug|Win32.Build.0 = Debug|Win32
		{3BFD7CA8-25ED-51FA-A09E-AA9245EBBC31}.Release|Win32.ActiveCfg = Release|Win32
		{3BFD7CA8-25ED-51FA-A09E-AA9245EBBC31}.Release|Win32.Build.0 = Release|Win32
		{A094F8B2-4BAD-502C-8C0B-016815225520}.Debug|Win32.ActiveCfg = Debug|Win32
		{A094F8B2-4BAD-502C-8C0B-016815225520}.Debug|Win32.Build.0 = Debug|Win32
		{A094F8B2-4BAD-502C-8C0B-016815225520}.Release|Win32.ActiveCfg = Release|Win32
		{A094F8B2-4BAD-502C-8C0B-016815225520}.Release|Win32.Build.0 = Release|Win32
		{61CF8A53-60EC-5258-9A5B-5D243A38E0BA}.Debug|Win32.ActiveCfg = Debug|Win32
		{61CF8A53-60EC-5258-9A5B-5D243A38E0BA}.Debug|Win32.Build.0 = Debug|Win32
		{61CF8A53-60EC-5258-9A5B-5D243A38E0BA}.Release|Win32.ActiveCfg = Release|Win32
		{61CF8A53-60EC-5258-9A5B-5D243A38E0BA}.Release|Win32.Build.0 = Release|Win32
		{FB50F301-14D9-5514-826F-FD572574D0BD}.Debug|Win32.ActiveCfg = Debug|Win32
		{FB50F301-14D9-5514-826F-FD572574D0BD}.Debug|Win32.Build.0 = Debug|Win32
		{FB50F301-14D9-5514-826F-FD572574D0BD}.Release|Win32.ActiveCfg = Release|Win32
		{FB50F301-14D9-5514-826F-FD572574D0BD}.Release|Win32.Build.0 = Release|Win32
		{BA895946-FD5F-5FCC-8CD7-580197D8765A}.Debug|Win32.ActiveCfg = Debug|Win32
		{BA895946-FD5F-5FCC-8CD7-580197D8765A}.Debug|Win32.Build.0 = Debug|Win32
		{BA895946-FD5F-5FCC-8CD7-580197D8765A}.Release|Win32.ActiveCfg = Release|Win32
		{BA895946-FD5F-5FCC-8CD7-580197D8765A}.Release|Win32.Build.0 = Release|Win32
	EndGlobalSection
	GlobalSection(SolutionProperties) = preSolution
		HideSolutionNode = FALSE
	EndGlobalSection
EndGlobal
