Microsoft Visual Studio Solution File, Format Version 12.00
# Visual Studio Version 17
VisualStudioVersion = 17.4.33205.214
MinimumVisualStudioVersion = 10.0.40219.1
Project("{8BC9CEB8-8B4A-11D0-8D11-00A0C91BC942}") = "DemoScript", "DemoScript\DemoScript.vcproj", "{418B03FE-3E88-4601-A218-4739C50B75EE}"
EndProject
Project("{8BC9CEB8-8B4A-11D0-8D11-00A0C91BC942}") = "Mantis_T", "Mantis_T\Mantis_T.vcproj", "{2170EC6D-6FE0-46BF-8CF0-56BE277AC556}"
EndProject
Project("{059D6162-CD51-11D0-AE1F-00A0C90FFFC3}") = "SCRIPT01T", "Script01T\SCRIPT01T.dsp", "{FCE40256-2113-49AB-A36C-24F248BCD1DE}"
EndProject
Project("{8BC9CEB8-8B4A-11D0-8D11-00A0C91BC942}") = "SCRIPT02t", "Script02T\SCRIPT02T.vcproj", "{A8EAA4BF-0F4F-4DF3-8260-27143732120B}"
EndProject
Project("{8BC9CEB8-8B4A-11D0-8D11-00A0C91BC942}") = "SCRIPT03T", "Script03T\SCRIPT03T.vcproj", "{7C8947FE-1781-4C6A-8B37-905B6D494899}"
EndProject
Project("{8BC9CEB8-8B4A-11D0-8D11-00A0C91BC942}") = "Script04T", "Script04T\Script04T.vcproj", "{110201DF-7BB5-418A-BF70-9F4A7F3EFBB5}"
EndProject
Project("{8BC9CEB8-8B4A-11D0-8D11-00A0C91BC942}") = "Script05t", "Script05t\Script05t.vcproj", "{1C8EC7CB-D837-4CD5-8954-AFA3E8E85895}"
EndProject
Project("{8BC9CEB8-8B4A-11D0-8D11-00A0C91BC942}") = "Script07T", "Script07T\Script07T.vcproj", "{3749D8B2-150F-4042-8E6B-B6BB637EBD93}"
EndProject
Project("{8BC9CEB8-8B4A-11D0-8D11-00A0C91BC942}") = "Script08T", "Script08T\Script08T.vcproj", "{DA0AFF43-F1F8-4B48-9E18-9DA5FB52A692}"
EndProject
Project("{8BC9CEB8-8B4A-11D0-8D11-00A0C91BC942}") = "Script09T", "script09t\Script09T.vcproj", "{1CAB690E-2A52-4A14-8DB2-96C6595EBE83}"
EndProject
Project("{8BC9CEB8-8B4A-11D0-8D11-00A0C91BC942}") = "Script10T", "Script10T\Script10T.vcproj", "{FA98DF48-FF04-4CA5-A7D5-2519D9A47014}"
EndProject
Project("{8BC9CEB8-8B4A-11D0-8D11-00A0C91BC942}") = "Script11T", "Script11T\Script11T.vcproj", "{E8C08D7B-507E-4BB2-A1F3-577B13513206}"
EndProject
Project("{8BC9CEB8-8B4A-11D0-8D11-00A0C91BC942}") = "Script12T", "Script12T\Script12T.vcproj", "{94EFEE32-0184-450F-897D-BFFE42C3F963}"
EndProject
Project("{8BC9CEB8-8B4A-11D0-8D11-00A0C91BC942}") = "Script13T", "Script13T\Script13T.vcproj", "{722ACC4C-BE15-49CF-93B1-68B0E9265B8E}"
EndProject
Project("{8BC9CEB8-8B4A-11D0-8D11-00A0C91BC942}") = "Script14T", "Script14T\Script14T.vcproj", "{ADE4CC4A-167F-4618-A9FF-AEDCBEC29629}"
EndProject
Project("{8BC9CEB8-8B4A-11D0-8D11-00A0C91BC942}") = "Script15T", "Script15T\Script15T.vcproj", "{D11DCF7A-6F38-4ACD-871E-2EC13B2BE57A}"
EndProject
Project("{8BC9CEB8-8B4A-11D0-8D11-00A0C91BC942}") = "Script16T", "Script16T\Script16T.vcproj", "{5F78B9DB-5888-446C-A73D-913D024035F4}"
EndProject
Project("{8BC9CEB8-8B4A-11D0-8D11-00A0C91BC942}") = "Sol_T", "Sol_T\Sol_T.vcproj", "{406851D5-5BA7-471B-AB90-4C2B4DDC0F6D}"
EndProject
Project("{8BC9CEB8-8B4A-11D0-8D11-00A0C91BC942}") = "script06t", "Script06T\Script06T.vcproj", "{CF3F0C39-193F-4377-9F9A-3D930A49D320}"
EndProject
Project("{8BC9CEB8-8B4A-11D0-8D11-00A0C91BC942}") = "Demo2", "Demo2\Demo2.vcproj", "{C74CAE6A-57F5-4AD9-9B10-CEB16634DD9E}"
EndProject
Global
	GlobalSection(SolutionConfigurationPlatforms) = preSolution
		Debug|Default = Debug|Default
		Release|Default = Release|Default
	EndGlobalSection
	GlobalSection(ProjectConfigurationPlatforms) = postSolution
		{418B03FE-3E88-4601-A218-4739C50B75EE}.Debug|Default.ActiveCfg = Debug|Win32
		{418B03FE-3E88-4601-A218-4739C50B75EE}.Debug|Default.Build.0 = Debug|Win32
		{418B03FE-3E88-4601-A218-4739C50B75EE}.Release|Default.ActiveCfg = Release|Win32
		{418B03FE-3E88-4601-A218-4739C50B75EE}.Release|Default.Build.0 = Release|Win32
		{2170EC6D-6FE0-46BF-8CF0-56BE277AC556}.Debug|Default.ActiveCfg = Debug|Win32
		{2170EC6D-6FE0-46BF-8CF0-56BE277AC556}.Debug|Default.Build.0 = Debug|Win32
		{2170EC6D-6FE0-46BF-8CF0-56BE277AC556}.Release|Default.ActiveCfg = Release|Win32
		{2170EC6D-6FE0-46BF-8CF0-56BE277AC556}.Release|Default.Build.0 = Release|Win32
		{A8EAA4BF-0F4F-4DF3-8260-27143732120B}.Debug|Default.ActiveCfg = Debug|Win32
		{A8EAA4BF-0F4F-4DF3-8260-27143732120B}.Debug|Default.Build.0 = Debug|Win32
		{A8EAA4BF-0F4F-4DF3-8260-27143732120B}.Release|Default.ActiveCfg = Release|Win32
		{A8EAA4BF-0F4F-4DF3-8260-27143732120B}.Release|Default.Build.0 = Release|Win32
		{7C8947FE-1781-4C6A-8B37-905B6D494899}.Debug|Default.ActiveCfg = Debug|Win32
		{7C8947FE-1781-4C6A-8B37-905B6D494899}.Debug|Default.Build.0 = Debug|Win32
		{7C8947FE-1781-4C6A-8B37-905B6D494899}.Release|Default.ActiveCfg = Release|Win32
		{7C8947FE-1781-4C6A-8B37-905B6D494899}.Release|Default.Build.0 = Release|Win32
		{110201DF-7BB5-418A-BF70-9F4A7F3EFBB5}.Debug|Default.ActiveCfg = Debug|Win32
		{110201DF-7BB5-418A-BF70-9F4A7F3EFBB5}.Debug|Default.Build.0 = Debug|Win32
		{110201DF-7BB5-418A-BF70-9F4A7F3EFBB5}.Release|Default.ActiveCfg = Release|Win32
		{110201DF-7BB5-418A-BF70-9F4A7F3EFBB5}.Release|Default.Build.0 = Release|Win32
		{1C8EC7CB-D837-4CD5-8954-AFA3E8E85895}.Debug|Default.ActiveCfg = Debug|Win32
		{1C8EC7CB-D837-4CD5-8954-AFA3E8E85895}.Debug|Default.Build.0 = Debug|Win32
		{1C8EC7CB-D837-4CD5-8954-AFA3E8E85895}.Release|Default.ActiveCfg = Release|Win32
		{1C8EC7CB-D837-4CD5-8954-AFA3E8E85895}.Release|Default.Build.0 = Release|Win32
		{3749D8B2-150F-4042-8E6B-B6BB637EBD93}.Debug|Default.ActiveCfg = Debug|Win32
		{3749D8B2-150F-4042-8E6B-B6BB637EBD93}.Debug|Default.Build.0 = Debug|Win32
		{3749D8B2-150F-4042-8E6B-B6BB637EBD93}.Release|Default.ActiveCfg = Release|Win32
		{3749D8B2-150F-4042-8E6B-B6BB637EBD93}.Release|Default.Build.0 = Release|Win32
		{DA0AFF43-F1F8-4B48-9E18-9DA5FB52A692}.Debug|Default.ActiveCfg = Debug|Win32
		{DA0AFF43-F1F8-4B48-9E18-9DA5FB52A692}.Debug|Default.Build.0 = Debug|Win32
		{DA0AFF43-F1F8-4B48-9E18-9DA5FB52A692}.Release|Default.ActiveCfg = Release|Win32
		{DA0AFF43-F1F8-4B48-9E18-9DA5FB52A692}.Release|Default.Build.0 = Release|Win32
		{1CAB690E-2A52-4A14-8DB2-96C6595EBE83}.Debug|Default.ActiveCfg = Debug|Win32
		{1CAB690E-2A52-4A14-8DB2-96C6595EBE83}.Debug|Default.Build.0 = Debug|Win32
		{1CAB690E-2A52-4A14-8DB2-96C6595EBE83}.Release|Default.ActiveCfg = Release|Win32
		{1CAB690E-2A52-4A14-8DB2-96C6595EBE83}.Release|Default.Build.0 = Release|Win32
		{FA98DF48-FF04-4CA5-A7D5-2519D9A47014}.Debug|Default.ActiveCfg = Debug|Win32
		{FA98DF48-FF04-4CA5-A7D5-2519D9A47014}.Debug|Default.Build.0 = Debug|Win32
		{FA98DF48-FF04-4CA5-A7D5-2519D9A47014}.Release|Default.ActiveCfg = Release|Win32
		{FA98DF48-FF04-4CA5-A7D5-2519D9A47014}.Release|Default.Build.0 = Release|Win32
		{E8C08D7B-507E-4BB2-A1F3-577B13513206}.Debug|Default.ActiveCfg = Debug|Win32
		{E8C08D7B-507E-4BB2-A1F3-577B13513206}.Debug|Default.Build.0 = Debug|Win32
		{E8C08D7B-507E-4BB2-A1F3-577B13513206}.Release|Default.ActiveCfg = Release|Win32
		{E8C08D7B-507E-4BB2-A1F3-577B13513206}.Release|Default.Build.0 = Release|Win32
		{94EFEE32-0184-450F-897D-BFFE42C3F963}.Debug|Default.ActiveCfg = Debug|Win32
		{94EFEE32-0184-450F-897D-BFFE42C3F963}.Debug|Default.Build.0 = Debug|Win32
		{94EFEE32-0184-450F-897D-BFFE42C3F963}.Release|Default.ActiveCfg = Release|Win32
		{94EFEE32-0184-450F-897D-BFFE42C3F963}.Release|Default.Build.0 = Release|Win32
		{722ACC4C-BE15-49CF-93B1-68B0E9265B8E}.Debug|Default.ActiveCfg = Debug|Win32
		{722ACC4C-BE15-49CF-93B1-68B0E9265B8E}.Debug|Default.Build.0 = Debug|Win32
		{722ACC4C-BE15-49CF-93B1-68B0E9265B8E}.Release|Default.ActiveCfg = Release|Win32
		{722ACC4C-BE15-49CF-93B1-68B0E9265B8E}.Release|Default.Build.0 = Release|Win32
		{ADE4CC4A-167F-4618-A9FF-AEDCBEC29629}.Debug|Default.ActiveCfg = Debug|Win32
		{ADE4CC4A-167F-4618-A9FF-AEDCBEC29629}.Debug|Default.Build.0 = Debug|Win32
		{ADE4CC4A-167F-4618-A9FF-AEDCBEC29629}.Release|Default.ActiveCfg = Release|Win32
		{ADE4CC4A-167F-4618-A9FF-AEDCBEC29629}.Release|Default.Build.0 = Release|Win32
		{D11DCF7A-6F38-4ACD-871E-2EC13B2BE57A}.Debug|Default.ActiveCfg = Debug|Win32
		{D11DCF7A-6F38-4ACD-871E-2EC13B2BE57A}.Debug|Default.Build.0 = Debug|Win32
		{D11DCF7A-6F38-4ACD-871E-2EC13B2BE57A}.Release|Default.ActiveCfg = Release|Win32
		{D11DCF7A-6F38-4ACD-871E-2EC13B2BE57A}.Release|Default.Build.0 = Release|Win32
		{5F78B9DB-5888-446C-A73D-913D024035F4}.Debug|Default.ActiveCfg = Debug|Win32
		{5F78B9DB-5888-446C-A73D-913D024035F4}.Debug|Default.Build.0 = Debug|Win32
		{5F78B9DB-5888-446C-A73D-913D024035F4}.Release|Default.ActiveCfg = Release|Win32
		{5F78B9DB-5888-446C-A73D-913D024035F4}.Release|Default.Build.0 = Release|Win32
		{406851D5-5BA7-471B-AB90-4C2B4DDC0F6D}.Debug|Default.ActiveCfg = Debug|Win32
		{406851D5-5BA7-471B-AB90-4C2B4DDC0F6D}.Debug|Default.Build.0 = Debug|Win32
		{406851D5-5BA7-471B-AB90-4C2B4DDC0F6D}.Release|Default.ActiveCfg = Release|Win32
		{406851D5-5BA7-471B-AB90-4C2B4DDC0F6D}.Release|Default.Build.0 = Release|Win32
		{CF3F0C39-193F-4377-9F9A-3D930A49D320}.Debug|Default.ActiveCfg = Debug|Win32
		{CF3F0C39-193F-4377-9F9A-3D930A49D320}.Debug|Default.Build.0 = Debug|Win32
		{CF3F0C39-193F-4377-9F9A-3D930A49D320}.Release|Default.ActiveCfg = Release|Win32
		{CF3F0C39-193F-4377-9F9A-3D930A49D320}.Release|Default.Build.0 = Release|Win32
		{C74CAE6A-57F5-4AD9-9B10-CEB16634DD9E}.Debug|Default.ActiveCfg = Debug|Win32
		{C74CAE6A-57F5-4AD9-9B10-CEB16634DD9E}.Debug|Default.Build.0 = Debug|Win32
		{C74CAE6A-57F5-4AD9-9B10-CEB16634DD9E}.Release|Default.ActiveCfg = Release|Win32
		{C74CAE6A-57F5-4AD9-9B10-CEB16634DD9E}.Release|Default.Build.0 = Release|Win32
	EndGlobalSection
	GlobalSection(SolutionProperties) = preSolution
		HideSolutionNode = FALSE
	EndGlobalSection
	GlobalSection(ExtensibilityGlobals) = postSolution
		SolutionGuid = {6FE0A2A9-E31B-4194-A571-7D48A4686C8F}
	EndGlobalSection
EndGlobal
