
Microsoft Visual Studio Solution File, Format Version 12.00
# Visual Studio Version 17
VisualStudioVersion = 17.4.33205.214
MinimumVisualStudioVersion = 10.0.40219.1
Project("{8BC9CEB8-8B4A-11D0-8D11-00A0C91BC942}") = "Mission", "Mission.vcxproj", "{06327BD8-8068-4A19-93EE-A35FBBD8228D}"
EndProject
Global
	GlobalSection(SolutionConfigurationPlatforms) = preSolution
		Debug|x86 = Debug|x86
		DEMO Debug|x86 = DEMO Debug|x86
		DEMO Final|x86 = DEMO Final|x86
		Final|x86 = Final|x86
		Release|x86 = Release|x86
	EndGlobalSection
	GlobalSection(ProjectConfigurationPlatforms) = postSolution
		{06327BD8-8068-4A19-93EE-A35FBBD8228D}.Debug|x86.ActiveCfg = Debug|Win32
		{06327BD8-8068-4A19-93EE-A35FBBD8228D}.Debug|x86.Build.0 = Debug|Win32
		{06327BD8-8068-4A19-93EE-A35FBBD8228D}.DEMO Debug|x86.ActiveCfg = DEMO Debug|Win32
		{06327BD8-8068-4A19-93EE-A35FBBD8228D}.DEMO Debug|x86.Build.0 = DEMO Debug|Win32
		{06327BD8-8068-4A19-93EE-A35FBBD8228D}.DEMO Final|x86.ActiveCfg = DEMO Final|Win32
		{06327BD8-8068-4A19-93EE-A35FBBD8228D}.DEMO Final|x86.Build.0 = DEMO Final|Win32
		{06327BD8-8068-4A19-93EE-A35FBBD8228D}.Final|x86.ActiveCfg = Final|Win32
		{06327BD8-8068-4A19-93EE-A35FBBD8228D}.Final|x86.Build.0 = Final|Win32
		{06327BD8-8068-4A19-93EE-A35FBBD8228D}.Release|x86.ActiveCfg = Release|Win32
		{06327BD8-8068-4A19-93EE-A35FBBD8228D}.Release|x86.Build.0 = Release|Win32
	EndGlobalSection
	GlobalSection(SolutionProperties) = preSolution
		HideSolutionNode = FALSE
	EndGlobalSection
	GlobalSection(ExtensibilityGlobals) = postSolution
		SolutionGuid = {97C276E3-94BF-4FDE-85FE-A7BBD02E6A04}
	EndGlobalSection
EndGlobal
