<?xml version="1.0" encoding="utf-8"?>
<Project ToolsVersion="4.0" xmlns="http://schemas.microsoft.com/developer/msbuild/2003">
  <ItemGroup>
    <Filter Include="Data Definition Files">
      <UniqueIdentifier>{68c7ae97-04e3-4d0c-9d18-2b1ba56ba763}</UniqueIdentifier>
    </Filter>
    <Filter Include="Header Files">
      <UniqueIdentifier>{bef3f9f2-bc3e-459c-938c-b69766d2680d}</UniqueIdentifier>
      <Extensions>*.h</Extensions>
    </Filter>
    <Filter Include="Source Files">
      <UniqueIdentifier>{cf212637-acfc-48d8-aa6e-9a5fdddbbb20}</UniqueIdentifier>
      <Extensions>*.cpp</Extensions>
    </Filter>
  </ItemGroup>
  <ItemGroup>
    <ClInclude Include="..\DInclude\DAdmiralBar.h">
      <Filter>Data Definition Files</Filter>
    </ClInclude>
    <ClInclude Include="..\DInclude\DAnimate.h">
      <Filter>Data Definition Files</Filter>
    </ClInclude>
    <ClInclude Include="..\DInclude\Data.h">
      <Filter>Data Definition Files</Filter>
    </ClInclude>
    <ClInclude Include="..\DInclude\DBaseData.h">
      <Filter>Data Definition Files</Filter>
    </ClInclude>
    <ClInclude Include="..\DInclude\DButton.h">
      <Filter>Data Definition Files</Filter>
    </ClInclude>
    <ClInclude Include="..\DInclude\DCamera.h">
      <Filter>Data Definition Files</Filter>
    </ClInclude>
    <ClInclude Include="..\DInclude\DCombobox.h">
      <Filter>Data Definition Files</Filter>
    </ClInclude>
    <ClInclude Include="..\DInclude\DConfirm.h">
      <Filter>Data Definition Files</Filter>
    </ClInclude>
    <ClInclude Include="..\DInclude\DDiplomacyButton.h">
      <Filter>Data Definition Files</Filter>
    </ClInclude>
    <ClInclude Include="..\DInclude\DDropDown.h">
      <Filter>Data Definition Files</Filter>
    </ClInclude>
    <ClInclude Include="..\DInclude\DEdit.h">
      <Filter>Data Definition Files</Filter>
    </ClInclude>
    <ClInclude Include="..\DInclude\DEndGame.h">
      <Filter>Data Definition Files</Filter>
    </ClInclude>
    <ClInclude Include="..\DInclude\DExplosion.h">
      <Filter>Data Definition Files</Filter>
    </ClInclude>
    <ClInclude Include="..\DInclude\DFog.h">
      <Filter>Data Definition Files</Filter>
    </ClInclude>
    <ClInclude Include="..\DInclude\DFonts.h">
      <Filter>Data Definition Files</Filter>
    </ClInclude>
    <ClInclude Include="..\DInclude\DHotButton.h">
      <Filter>Data Definition Files</Filter>
    </ClInclude>
    <ClInclude Include="..\DInclude\DHotButtonText.h">
      <Filter>Data Definition Files</Filter>
    </ClInclude>
    <ClInclude Include="..\DInclude\DHotStatic.h">
      <Filter>Data Definition Files</Filter>
    </ClInclude>
    <ClInclude Include="..\DInclude\DIcon.h">
      <Filter>Data Definition Files</Filter>
    </ClInclude>
    <ClInclude Include="..\DInclude\Digoptions.h">
      <Filter>Data Definition Files</Filter>
    </ClInclude>
    <ClInclude Include="..\DInclude\DInstance.h">
      <Filter>Data Definition Files</Filter>
    </ClInclude>
    <ClInclude Include="..\DInclude\DLight.h">
      <Filter>Data Definition Files</Filter>
    </ClInclude>
    <ClInclude Include="..\DInclude\DListBox.h">
      <Filter>Data Definition Files</Filter>
    </ClInclude>
    <ClInclude Include="..\DInclude\DLoadSave.h">
      <Filter>Data Definition Files</Filter>
    </ClInclude>
    <ClInclude Include="..\DInclude\DMenu1.h">
      <Filter>Data Definition Files</Filter>
    </ClInclude>
    <ClInclude Include="..\DInclude\DMenu_Credits.h">
      <Filter>Data Definition Files</Filter>
    </ClInclude>
    <ClInclude Include="..\DInclude\DMenuBriefing.h">
      <Filter>Data Definition Files</Filter>
    </ClInclude>
    <ClInclude Include="..\DInclude\DMovieScreen.h">
      <Filter>Data Definition Files</Filter>
    </ClInclude>
    <ClInclude Include="..\DInclude\DMusic.h">
      <Filter>Data Definition Files</Filter>
    </ClInclude>
    <ClInclude Include="..\DInclude\DNebula.h">
      <Filter>Data Definition Files</Filter>
    </ClInclude>
    <ClInclude Include="..\DInclude\DNewPlayer.h">
      <Filter>Data Definition Files</Filter>
    </ClInclude>
    <ClInclude Include="..\DInclude\DPause.h">
      <Filter>Data Definition Files</Filter>
    </ClInclude>
    <ClInclude Include="..\DInclude\DProgressStatic.h">
      <Filter>Data Definition Files</Filter>
    </ClInclude>
    <ClInclude Include="..\DInclude\DQueueControl.h">
      <Filter>Data Definition Files</Filter>
    </ClInclude>
    <ClInclude Include="..\DInclude\DScrollBar.h">
      <Filter>Data Definition Files</Filter>
    </ClInclude>
    <ClInclude Include="..\DInclude\DShipSilButton.h">
      <Filter>Data Definition Files</Filter>
    </ClInclude>
    <ClInclude Include="..\DInclude\DSilhouette.h">
      <Filter>Data Definition Files</Filter>
    </ClInclude>
    <ClInclude Include="..\DInclude\DSlider.h">
      <Filter>Data Definition Files</Filter>
    </ClInclude>
    <ClInclude Include="..\DInclude\DSounds.h">
      <Filter>Data Definition Files</Filter>
    </ClInclude>
    <ClInclude Include="..\DInclude\DStatic.h">
      <Filter>Data Definition Files</Filter>
    </ClInclude>
    <ClInclude Include="..\DInclude\DStringPack.h">
      <Filter>Data Definition Files</Filter>
    </ClInclude>
    <ClInclude Include="..\DInclude\DSysmap.h">
      <Filter>Data Definition Files</Filter>
    </ClInclude>
    <ClInclude Include="..\DInclude\DTabControl.h">
      <Filter>Data Definition Files</Filter>
    </ClInclude>
    <ClInclude Include="..\DInclude\DToolbar.h">
      <Filter>Data Definition Files</Filter>
    </ClInclude>
    <ClInclude Include="..\DInclude\DTypes.h">
      <Filter>Data Definition Files</Filter>
    </ClInclude>
    <ClInclude Include="..\DInclude\GameTypes.h">
      <Filter>Data Definition Files</Filter>
    </ClInclude>
    <ClInclude Include="..\DInclude\Sfxid.h">
      <Filter>Data Definition Files</Filter>
    </ClInclude>
    <ClInclude Include="BaseHotRect.h">
      <Filter>Header Files</Filter>
    </ClInclude>
    <ClInclude Include="Camera.h">
      <Filter>Header Files</Filter>
    </ClInclude>
    <ClInclude Include="CQGame.h">
      <Filter>Header Files</Filter>
    </ClInclude>
    <ClInclude Include="CQImage.h">
      <Filter>Header Files</Filter>
    </ClInclude>
    <ClInclude Include="Include\CQTrace.h">
      <Filter>Header Files</Filter>
    </ClInclude>
    <ClInclude Include="Cursor.h">
      <Filter>Header Files</Filter>
    </ClInclude>
    <ClInclude Include="DrawAgent.h">
      <Filter>Header Files</Filter>
    </ClInclude>
    <ClInclude Include="DSStream.h">
      <Filter>Header Files</Filter>
    </ClInclude>
    <ClInclude Include="..\DInclude\DSysKitSaveLoad.h">
      <Filter>Header Files</Filter>
    </ClInclude>
    <ClInclude Include="EventPriority.h">
      <Filter>Header Files</Filter>
    </ClInclude>
    <ClInclude Include="Frame.h">
      <Filter>Header Files</Filter>
    </ClInclude>
    <ClInclude Include="GenData.h">
      <Filter>Header Files</Filter>
    </ClInclude>
    <ClInclude Include="Include\Globals.h">
      <Filter>Header Files</Filter>
    </ClInclude>
    <ClInclude Include="GridVector.h">
      <Filter>Header Files</Filter>
    </ClInclude>
    <ClInclude Include="GRPackets.h">
      <Filter>Header Files</Filter>
    </ClInclude>
    <ClInclude Include="Hintbox.h">
      <Filter>Header Files</Filter>
    </ClInclude>
    <ClInclude Include="Hotkeys.h">
      <Filter>Header Files</Filter>
    </ClInclude>
    <ClInclude Include="HPEnum.h">
      <Filter>Header Files</Filter>
    </ClInclude>
    <ClInclude Include="IActiveButton.h">
      <Filter>Header Files</Filter>
    </ClInclude>
    <ClInclude Include="IAnimate.h">
      <Filter>Header Files</Filter>
    </ClInclude>
    <ClInclude Include="IBackground.h">
      <Filter>Header Files</Filter>
    </ClInclude>
    <ClInclude Include="IBriefing.h">
      <Filter>Header Files</Filter>
    </ClInclude>
    <ClInclude Include="IBuildWindow.h">
      <Filter>Header Files</Filter>
    </ClInclude>
    <ClInclude Include="IButton2.h">
      <Filter>Header Files</Filter>
    </ClInclude>
    <ClInclude Include="IDiplomacyButton.h">
      <Filter>Header Files</Filter>
    </ClInclude>
    <ClInclude Include="IEdit2.h">
      <Filter>Header Files</Filter>
    </ClInclude>
    <ClInclude Include="IGameProgress.h">
      <Filter>Header Files</Filter>
    </ClInclude>
    <ClInclude Include="IHotButton.h">
      <Filter>Header Files</Filter>
    </ClInclude>
    <ClInclude Include="IHotStatic.h">
      <Filter>Header Files</Filter>
    </ClInclude>
    <ClInclude Include="IIcon.h">
      <Filter>Header Files</Filter>
    </ClInclude>
    <ClInclude Include="IImageReader.h">
      <Filter>Header Files</Filter>
    </ClInclude>
    <ClInclude Include="ILineManager.h">
      <Filter>Header Files</Filter>
    </ClInclude>
    <ClInclude Include="IListBox.h">
      <Filter>Header Files</Filter>
    </ClInclude>
    <ClInclude Include="IMultiHotButton.h">
      <Filter>Header Files</Filter>
    </ClInclude>
    <ClInclude Include="InProgressAnim.h">
      <Filter>Header Files</Filter>
    </ClInclude>
    <ClInclude Include="IProgressStatic.h">
      <Filter>Header Files</Filter>
    </ClInclude>
    <ClInclude Include="IQueueControl.h">
      <Filter>Header Files</Filter>
    </ClInclude>
    <ClInclude Include="IResource.h">
      <Filter>Header Files</Filter>
    </ClInclude>
    <ClInclude Include="IScrollBar.h">
      <Filter>Header Files</Filter>
    </ClInclude>
    <ClInclude Include="IShapeLoader.h">
      <Filter>Header Files</Filter>
    </ClInclude>
    <ClInclude Include="IShipSilButton.h">
      <Filter>Header Files</Filter>
    </ClInclude>
    <ClInclude Include="ISlider.h">
      <Filter>Header Files</Filter>
    </ClInclude>
    <ClInclude Include="IStatic.h">
      <Filter>Header Files</Filter>
    </ClInclude>
    <ClInclude Include="ISubtitle.h">
      <Filter>Header Files</Filter>
    </ClInclude>
    <ClInclude Include="ITabControl.h">
      <Filter>Header Files</Filter>
    </ClInclude>
    <ClInclude Include="ITeletype.h">
      <Filter>Header Files</Filter>
    </ClInclude>
    <ClInclude Include="IToolbar.h">
      <Filter>Header Files</Filter>
    </ClInclude>
    <ClInclude Include="LFParser.h">
      <Filter>Header Files</Filter>
    </ClInclude>
    <ClInclude Include="Menu.h">
      <Filter>Header Files</Filter>
    </ClInclude>
    <ClInclude Include="MScroll.h">
      <Filter>Header Files</Filter>
    </ClInclude>
    <ClInclude Include="MusicManager.h">
      <Filter>Header Files</Filter>
    </ClInclude>
    <ClInclude Include="NetBuffer.h">
      <Filter>Header Files</Filter>
    </ClInclude>
    <ClInclude Include="NetConnectBuffers.h">
      <Filter>Header Files</Filter>
    </ClInclude>
    <ClInclude Include="NetFileTransfer.h">
      <Filter>Header Files</Filter>
    </ClInclude>
    <ClInclude Include="NetPacket.h">
      <Filter>Header Files</Filter>
    </ClInclude>
    <ClInclude Include="Objwatch.h">
      <Filter>Header Files</Filter>
    </ClInclude>
    <ClInclude Include="RandomNum.h">
      <Filter>Header Files</Filter>
    </ClInclude>
    <ClInclude Include="resource.h">
      <Filter>Header Files</Filter>
    </ClInclude>
    <ClInclude Include="SFX.h">
      <Filter>Header Files</Filter>
    </ClInclude>
    <ClInclude Include="SoundManager.h">
      <Filter>Header Files</Filter>
    </ClInclude>
    <ClInclude Include="StatusBar.h">
      <Filter>Header Files</Filter>
    </ClInclude>
    <ClInclude Include="StringData.h">
      <Filter>Header Files</Filter>
    </ClInclude>
    <ClInclude Include="TCPoint.h">
      <Filter>Header Files</Filter>
    </ClInclude>
    <ClInclude Include="TDocClient.h">
      <Filter>Header Files</Filter>
    </ClInclude>
    <ClInclude Include="TManager.h">
      <Filter>Header Files</Filter>
    </ClInclude>
    <ClInclude Include="TResClient.h">
      <Filter>Header Files</Filter>
    </ClInclude>
    <ClInclude Include="TResource.h">
      <Filter>Header Files</Filter>
    </ClInclude>
    <ClInclude Include="UserDefaults.h">
      <Filter>Header Files</Filter>
    </ClInclude>
    <ClInclude Include="VideoSurface.h">
      <Filter>Header Files</Filter>
    </ClInclude>
    <ClInclude Include="VoxCompress.h">
      <Filter>Header Files</Filter>
    </ClInclude>
  </ItemGroup>
  <ItemGroup>
    <ClCompile Include="Animate.cpp">
      <Filter>Source Files</Filter>
    </ClCompile>
    <ClCompile Include="BmpRead.cpp">
      <Filter>Source Files</Filter>
    </ClCompile>
    <ClCompile Include="BuildButton.cpp">
      <Filter>Source Files</Filter>
    </ClCompile>
    <ClCompile Include="Button2.cpp">
      <Filter>Source Files</Filter>
    </ClCompile>
    <ClCompile Include="Camera.cpp">
      <Filter>Source Files</Filter>
    </ClCompile>
    <ClCompile Include="Combobox.cpp">
      <Filter>Source Files</Filter>
    </ClCompile>
    <ClCompile Include="CQImage.cpp">
      <Filter>Source Files</Filter>
    </ClCompile>
    <ClCompile Include="cqpipeline.cpp">
      <Filter>Source Files</Filter>
    </ClCompile>
    <ClCompile Include="Cursor.cpp">
      <Filter>Source Files</Filter>
    </ClCompile>
    <ClCompile Include="DiplomacyButton.cpp">
      <Filter>Source Files</Filter>
    </ClCompile>
    <ClCompile Include="DrawAgent.cpp">
      <Filter>Source Files</Filter>
    </ClCompile>
    <ClCompile Include="DrawAgent16.cpp">
      <Filter>Source Files</Filter>
    </ClCompile>
    <ClCompile Include="Dropdown.cpp">
      <Filter>Source Files</Filter>
    </ClCompile>
    <ClCompile Include="DSStream.cpp">
      <Filter>Source Files</Filter>
    </ClCompile>
    <ClCompile Include="DumpView.cpp">
      <Filter>Source Files</Filter>
    </ClCompile>
    <ClCompile Include="Edit2.cpp">
      <Filter>Source Files</Filter>
    </ClCompile>
    <ClCompile Include="EulaWin.cpp">
      <Filter>Source Files</Filter>
    </ClCompile>
    <ClCompile Include="GameProgress.cpp">
      <Filter>Source Files</Filter>
    </ClCompile>
    <ClCompile Include="GenData.cpp">
      <Filter>Source Files</Filter>
    </ClCompile>
    <ClCompile Include="GridVector.cpp">
      <Filter>Source Files</Filter>
    </ClCompile>
    <ClCompile Include="Hintbox.cpp">
      <Filter>Source Files</Filter>
    </ClCompile>
    <ClCompile Include="HKManager.cpp">
      <Filter>Source Files</Filter>
    </ClCompile>
    <ClCompile Include="HotButton.cpp">
      <Filter>Source Files</Filter>
    </ClCompile>
    <ClCompile Include="HotStatic.cpp">
      <Filter>Source Files</Filter>
    </ClCompile>
    <ClCompile Include="Icon.cpp">
      <Filter>Source Files</Filter>
    </ClCompile>
    <ClCompile Include="IniConfig.cpp">
      <Filter>Source Files</Filter>
    </ClCompile>
    <ClCompile Include="InProgressAnim.cpp">
      <Filter>Source Files</Filter>
    </ClCompile>
    <ClCompile Include="LFParser.cpp">
      <Filter>Source Files</Filter>
    </ClCompile>
    <ClCompile Include="LineManager.cpp">
      <Filter>Source Files</Filter>
    </ClCompile>
    <ClCompile Include="lines.cpp">
      <Filter>Source Files</Filter>
    </ClCompile>
    <ClCompile Include="Listbox.cpp">
      <Filter>Source Files</Filter>
    </ClCompile>
    <ClCompile Include="LoadFont.cpp">
      <Filter>Source Files</Filter>
    </ClCompile>
    <ClCompile Include="LogFile.cpp">
      <Filter>Source Files</Filter>
    </ClCompile>
    <ClCompile Include="Macrohelp.cpp">
      <Filter>Source Files</Filter>
    </ClCompile>
    <ClCompile Include="menu.cpp">
      <Filter>Source Files</Filter>
    </ClCompile>
    <ClCompile Include="Menu1.cpp">
      <Filter>Source Files</Filter>
    </ClCompile>
    <ClCompile Include="Menu_Briefing.cpp">
      <Filter>Source Files</Filter>
    </ClCompile>
    <ClCompile Include="Menu_campaign.cpp">
      <Filter>Source Files</Filter>
    </ClCompile>
    <ClCompile Include="Menu_Confirm.cpp">
      <Filter>Source Files</Filter>
    </ClCompile>
    <ClCompile Include="Menu_Credits.cpp">
      <Filter>Source Files</Filter>
    </ClCompile>
    <ClCompile Include="Menu_final.cpp">
      <Filter>Source Files</Filter>
    </ClCompile>
    <ClCompile Include="Menu_help.cpp">
      <Filter>Source Files</Filter>
    </ClCompile>
    <ClCompile Include="Menu_igoptions.cpp">
      <Filter>Source Files</Filter>
    </ClCompile>
    <ClCompile Include="Menu_LoadSave.cpp">
      <Filter>Source Files</Filter>
    </ClCompile>
    <ClCompile Include="Menu_map.cpp">
      <Filter>Source Files</Filter>
    </ClCompile>
    <ClCompile Include="Menu_MapSelect.cpp">
      <Filter>Source Files</Filter>
    </ClCompile>
    <ClCompile Include="Menu_mission.cpp">
      <Filter>Source Files</Filter>
    </ClCompile>
    <ClCompile Include="Menu_mshell.cpp">
      <Filter>Source Files</Filter>
    </ClCompile>
    <ClCompile Include="Menu_netconn.cpp">
      <Filter>Source Files</Filter>
    </ClCompile>
    <ClCompile Include="Menu_netloading.cpp">
      <Filter>Source Files</Filter>
    </ClCompile>
    <ClCompile Include="Menu_netsess.cpp">
      <Filter>Source Files</Filter>
    </ClCompile>
    <ClCompile Include="Menu_netsess2.cpp">
      <Filter>Source Files</Filter>
    </ClCompile>
    <ClCompile Include="Menu_newplayer.cpp">
      <Filter>Source Files</Filter>
    </ClCompile>
    <ClCompile Include="Menu_options.cpp">
      <Filter>Source Files</Filter>
    </ClCompile>
    <ClCompile Include="Menu_Pause.cpp">
      <Filter>Source Files</Filter>
    </ClCompile>
    <ClCompile Include="Menu_SlideShow.cpp">
      <Filter>Source Files</Filter>
    </ClCompile>
    <ClCompile Include="Menu_slots.cpp">
      <Filter>Source Files</Filter>
    </ClCompile>
    <ClCompile Include="Menu_SPGame.cpp">
      <Filter>Source Files</Filter>
    </ClCompile>
    <ClCompile Include="Menu_SysKitSaveLoad.cpp">
      <Filter>Source Files</Filter>
    </ClCompile>
    <ClCompile Include="Menu_Toolbar.cpp">
      <Filter>Source Files</Filter>
    </ClCompile>
    <ClCompile Include="Menu_zone.cpp">
      <Filter>Source Files</Filter>
    </ClCompile>
    <ClCompile Include="Modal.cpp">
      <Filter>Source Files</Filter>
    </ClCompile>
    <ClCompile Include="MovieScreen.cpp">
      <Filter>Source Files</Filter>
    </ClCompile>
    <ClCompile Include="MScroll.cpp">
      <Filter>Source Files</Filter>
    </ClCompile>
    <ClCompile Include="MultiHotButton.cpp">
      <Filter>Source Files</Filter>
    </ClCompile>
    <ClCompile Include="MultiLineFont.cpp">
      <Filter>Source Files</Filter>
    </ClCompile>
    <ClCompile Include="MusicManager.cpp">
      <Filter>Source Files</Filter>
    </ClCompile>
    <ClCompile Include="NetBuffer.cpp">
      <Filter>Source Files</Filter>
    </ClCompile>
    <ClCompile Include="NetConnect.cpp">
      <Filter>Source Files</Filter>
    </ClCompile>
    <ClCompile Include="NetConnectBuffers.cpp">
      <Filter>Source Files</Filter>
    </ClCompile>
    <ClCompile Include="NetFileTransfer.cpp">
      <Filter>Source Files</Filter>
    </ClCompile>
    <ClCompile Include="NetPacket.cpp">
      <Filter>Source Files</Filter>
    </ClCompile>
    <ClCompile Include="Objwatch.cpp">
      <Filter>Source Files</Filter>
    </ClCompile>
    <ClCompile Include="Pch.cpp">
      <Filter>Source Files</Filter>
    </ClCompile>
    <ClCompile Include="PosTool.cpp">
      <Filter>Source Files</Filter>
    </ClCompile>
    <ClCompile Include="PrintHeap.cpp">
      <Filter>Source Files</Filter>
    </ClCompile>
    <ClCompile Include="ProgressStatic.cpp">
      <Filter>Source Files</Filter>
    </ClCompile>
    <ClCompile Include="QueueControl.cpp">
      <Filter>Source Files</Filter>
    </ClCompile>
    <ClCompile Include="ResearchButton.cpp">
      <Filter>Source Files</Filter>
    </ClCompile>
    <ClCompile Include="ScrollBar.cpp">
      <Filter>Source Files</Filter>
    </ClCompile>
    <ClCompile Include="SFX.cpp">
      <Filter>Source Files</Filter>
    </ClCompile>
    <ClCompile Include="ShapeLoader.cpp">
      <Filter>Source Files</Filter>
    </ClCompile>
    <ClCompile Include="ShipSilButton.cpp">
      <Filter>Source Files</Filter>
    </ClCompile>
    <ClCompile Include="Slider.cpp">
      <Filter>Source Files</Filter>
    </ClCompile>
    <ClCompile Include="SoundManager.cpp">
      <Filter>Source Files</Filter>
    </ClCompile>
    <ClCompile Include="SpaceEnv.cpp">
      <Filter>Source Files</Filter>
    </ClCompile>
    <ClCompile Include="Static.cpp">
      <Filter>Source Files</Filter>
    </ClCompile>
    <ClCompile Include="StatusBar.cpp">
      <Filter>Source Files</Filter>
    </ClCompile>
    <ClCompile Include="Streamer.cpp">
      <Filter>Source Files</Filter>
    </ClCompile>
    <ClCompile Include="StringData.cpp">
      <Filter>Source Files</Filter>
    </ClCompile>
    <ClCompile Include="Subtitle.cpp">
      <Filter>Source Files</Filter>
    </ClCompile>
    <ClCompile Include="SuperTrans.cpp">
      <Filter>Source Files</Filter>
    </ClCompile>
    <ClCompile Include="SysContainer.cpp">
      <Filter>Source Files</Filter>
    </ClCompile>
    <ClCompile Include="System.cpp">
      <Filter>Source Files</Filter>
    </ClCompile>
    <ClCompile Include="TabButton.cpp">
      <Filter>Source Files</Filter>
    </ClCompile>
    <ClCompile Include="TabControl.cpp">
      <Filter>Source Files</Filter>
    </ClCompile>
    <ClCompile Include="Teletype.cpp">
      <Filter>Source Files</Filter>
    </ClCompile>
    <ClCompile Include="TestScript.cpp">
      <Filter>Source Files</Filter>
    </ClCompile>
    <ClCompile Include="Tgaread.cpp">
      <Filter>Source Files</Filter>
    </ClCompile>
    <ClCompile Include="TManager.cpp">
      <Filter>Source Files</Filter>
    </ClCompile>
    <ClCompile Include="Trim.cpp">
      <Filter>Source Files</Filter>
    </ClCompile>
    <ClCompile Include="UserDefaults.cpp">
      <Filter>Source Files</Filter>
    </ClCompile>
    <ClCompile Include="VertexBuffer.cpp">
      <Filter>Source Files</Filter>
    </ClCompile>
    <ClCompile Include="VfxRead.cpp">
      <Filter>Source Files</Filter>
    </ClCompile>
    <ClCompile Include="VideoSurface.cpp">
      <Filter>Source Files</Filter>
    </ClCompile>
    <ClCompile Include="VidStream.cpp">
      <Filter>Source Files</Filter>
    </ClCompile>
    <ClCompile Include="VoxCompress.cpp">
      <Filter>Source Files</Filter>
    </ClCompile>
    <ClCompile Include="WindowManager.cpp">
      <Filter>Source Files</Filter>
    </ClCompile>
  </ItemGroup>
  <ItemGroup>
    <None Include="Trim.def">
      <Filter>Source Files</Filter>
    </None>
  </ItemGroup>
  <ItemGroup>
    <CustomBuild Include="Search.asm">
      <Filter>Source Files</Filter>
    </CustomBuild>
    <CustomBuild Include="Winvfx16.asm">
      <Filter>Source Files</Filter>
    </CustomBuild>
  </ItemGroup>
</Project>