<?xml version="1.0" encoding="utf-8"?>
<Project ToolsVersion="4.0" xmlns="http://schemas.microsoft.com/developer/msbuild/2003">
  <ItemGroup>
    <Filter Include="Source Files">
      <UniqueIdentifier>{ac806573-9006-4b61-8795-2601222cedde}</UniqueIdentifier>
      <Extensions>cpp;c;cxx;rc;def;r;odl;idl;hpj;bat</Extensions>
    </Filter>
    <Filter Include="Header Files">
      <UniqueIdentifier>{667b2721-9a44-46ff-b287-fde9838ea8f1}</UniqueIdentifier>
      <Extensions>h;hpp;hxx;hm;inl</Extensions>
    </Filter>
    <Filter Include="Resource Files">
      <UniqueIdentifier>{2b64133c-bd31-48d9-9664-b535c45509e5}</UniqueIdentifier>
      <Extensions>ico;cur;bmp;dlg;rc2;rct;bin;rgs;gif;jpg;jpeg;jpe</Extensions>
    </Filter>
  </ItemGroup>
  <ItemGroup>
    <ClCompile Include="BMPoolJr.cpp">
      <Filter>Source Files</Filter>
    </ClCompile>
    <ClCompile Include="RenderBatcher.cpp">
      <Filter>Source Files</Filter>
    </ClCompile>
  </ItemGroup>
  <ItemGroup>
    <ClInclude Include="BMPoolJr.h">
      <Filter>Header Files</Filter>
    </ClInclude>
    <ClInclude Include="CQBatch.h">
      <Filter>Header Files</Filter>
    </ClInclude>
    <ClInclude Include="RenderBatcher.h">
      <Filter>Header Files</Filter>
    </ClInclude>
  </ItemGroup>
</Project>