Microsoft Visual Studio Solution File, Format Version 8.00
Project("{8BC9CEB8-8B4A-11D0-8D11-00A0C91BC942}") = "Anim", "..\Anim\Anim.vcproj", "{5975EA44-F609-4E6F-890B-19EBF48EDB49}"
	ProjectSection(ProjectDependencies) = postProject
	EndProjectSection
EndProject
Project("{8BC9CEB8-8B4A-11D0-8D11-00A0C91BC942}") = "COMHeap", "..\COMHeap\COMHeap.vcproj", "{0E44AB3C-6613-4E72-95E9-273A253CB7B2}"
	ProjectSection(ProjectDependencies) = postProject
	EndProjectSection
EndProject
Project("{8BC9CEB8-8B4A-11D0-8D11-00A0C91BC942}") = "Channel", "..\Channel\Channel.vcproj", "{A7EF4573-A996-4527-B400-C7AFA7F3CBD1}"
	ProjectSection(ProjectDependencies) = postProject
	EndProjectSection
EndProject
Project("{8BC9CEB8-8B4A-11D0-8D11-00A0C91BC942}") = "D3DRenderPipe", "..\RenderPipeline\D3DRenderPipe.vcproj", "{5BB4A201-B86D-464F-9F22-ACAFB91B69AD}"
	ProjectSection(ProjectDependencies) = postProject
	EndProjectSection
EndProject
Project("{8BC9CEB8-8B4A-11D0-8D11-00A0C91BC942}") = "DACOM", "..\DACOM\DACOM.vcproj", "{408EB88E-5CCC-41AE-A6C1-A7C4F910B77D}"
	ProjectSection(ProjectDependencies) = postProject
	EndProjectSection
EndProject
Project("{8BC9CEB8-8B4A-11D0-8D11-00A0C91BC942}") = "DOSFile", "..\DOSFile\DOSFile.vcproj", "{ED79E864-2838-45E5-84D2-B77A5649F411}"
	ProjectSection(ProjectDependencies) = postProject
	EndProjectSection
EndProject
Project("{8BC9CEB8-8B4A-11D0-8D11-00A0C91BC942}") = "DataViewer", "..\Viewer\DOCUVIEW\DataViewer.vcproj", "{9EB84B39-E4FF-455A-B69F-B7D7CE9E9A72}"
	ProjectSection(ProjectDependencies) = postProject
	EndProjectSection
EndProject
Project("{8BC9CEB8-8B4A-11D0-8D11-00A0C91BC942}") = "Engine", "..\Engine\Engine.vcproj", "{515FDB36-0A6A-4A9F-9A64-A0B4AEBD46FA}"
	ProjectSection(ProjectDependencies) = postProject
	EndProjectSection
EndProject
Project("{8BC9CEB8-8B4A-11D0-8D11-00A0C91BC942}") = "HardPoint", "..\EngComps\Hardpoint\HardPoint.vcproj", "{8C3E77A2-7633-4C82-83CF-E0752F641A1D}"
	ProjectSection(ProjectDependencies) = postProject
	EndProjectSection
EndProject
Project("{8BC9CEB8-8B4A-11D0-8D11-00A0C91BC942}") = "Hotkey", "..\DAHOTKEY\Hotkey.vcproj", "{91C1AE15-000B-4BDA-BD8E-C86D5F94137E}"
	ProjectSection(ProjectDependencies) = postProject
	EndProjectSection
EndProject
Project("{8BC9CEB8-8B4A-11D0-8D11-00A0C91BC942}") = "LightManager", "..\LightManager\LightManager.vcproj", "{91C27B2F-255E-494A-8FF3-009C69C83E93}"
	ProjectSection(ProjectDependencies) = postProject
	EndProjectSection
EndProject
Project("{8BC9CEB8-8B4A-11D0-8D11-00A0C91BC942}") = "MathLib", "..\x86Math\MathLib.vcproj", "{8E1C4ED7-6D78-499B-A489-9F7FBBAEB704}"
	ProjectSection(ProjectDependencies) = postProject
	EndProjectSection
EndProject
Project("{8BC9CEB8-8B4A-11D0-8D11-00A0C91BC942}") = "Optics", "..\RendComp\Optics\Optics.vcproj", "{65DA7AC8-7E16-4E49-B46D-B3DE9021A8E7}"
	ProjectSection(ProjectDependencies) = postProject
	EndProjectSection
EndProject
Project("{8BC9CEB8-8B4A-11D0-8D11-00A0C91BC942}") = "PolyMesh", "..\RendComp\PolyMesh\PolyMesh.vcproj", "{FD5F2CB8-429F-4A40-B2EC-1957EF5690C5}"
	ProjectSection(ProjectDependencies) = postProject
	EndProjectSection
EndProject
Project("{8BC9CEB8-8B4A-11D0-8D11-00A0C91BC942}") = "RPUL", "..\RenderPipeline\RPUL\RPUL.vcproj", "{FED851BE-2D57-4F3C-BCCE-0ABC61597420}"
	ProjectSection(ProjectDependencies) = postProject
	EndProjectSection
EndProject
Project("{8BC9CEB8-8B4A-11D0-8D11-00A0C91BC942}") = "RenderMgr", "..\EngComps\RenderMgr\RenderMgr.vcproj", "{937422F8-E8E8-4411-8A43-02052CC588CF}"
	ProjectSection(ProjectDependencies) = postProject
	EndProjectSection
EndProject
Project("{8BC9CEB8-8B4A-11D0-8D11-00A0C91BC942}") = "TextureLibrary", "..\Shading\TextureLibrary\TextureLibrary.vcproj", "{FE832EE3-AF58-4717-B7AD-39118B3FB67F}"
	ProjectSection(ProjectDependencies) = postProject
	EndProjectSection
EndProject
Project("{8BC9CEB8-8B4A-11D0-8D11-00A0C91BC942}") = "_CQ_FullBuild", "_CQ_FullBuild.vcproj", "{EC4CC363-E8FC-44CD-B2CD-3C22AAD32847}"
	ProjectSection(ProjectDependencies) = postProject
		{922A91D6-C25F-4035-87CD-578205D5ACB3} = {922A91D6-C25F-4035-87CD-578205D5ACB3}
		{23543447-6DB2-45A4-A2E7-DF8287EBA8BB} = {23543447-6DB2-45A4-A2E7-DF8287EBA8BB}
		{1C105F20-9F79-4D7B-9952-E06504F299D4} = {1C105F20-9F79-4D7B-9952-E06504F299D4}
	EndProjectSection
EndProject
Project("{8BC9CEB8-8B4A-11D0-8D11-00A0C91BC942}") = "_ExplicitDLL", "_ExplicitDLL.vcproj", "{922A91D6-C25F-4035-87CD-578205D5ACB3}"
	ProjectSection(ProjectDependencies) = postProject
		{168FA7C0-D2C3-472C-9702-20B477E32679} = {168FA7C0-D2C3-472C-9702-20B477E32679}
		{FB30EBAC-9CC3-409C-82B5-8A7083981087} = {FB30EBAC-9CC3-409C-82B5-8A7083981087}
		{5975EA44-F609-4E6F-890B-19EBF48EDB49} = {5975EA44-F609-4E6F-890B-19EBF48EDB49}
		{A7EF4573-A996-4527-B400-C7AFA7F3CBD1} = {A7EF4573-A996-4527-B400-C7AFA7F3CBD1}
		{5BB4A201-B86D-464F-9F22-ACAFB91B69AD} = {5BB4A201-B86D-464F-9F22-ACAFB91B69AD}
		{ED79E864-2838-45E5-84D2-B77A5649F411} = {ED79E864-2838-45E5-84D2-B77A5649F411}
		{515FDB36-0A6A-4A9F-9A64-A0B4AEBD46FA} = {515FDB36-0A6A-4A9F-9A64-A0B4AEBD46FA}
		{8C3E77A2-7633-4C82-83CF-E0752F641A1D} = {8C3E77A2-7633-4C82-83CF-E0752F641A1D}
		{91C1AE15-000B-4BDA-BD8E-C86D5F94137E} = {91C1AE15-000B-4BDA-BD8E-C86D5F94137E}
		{91C27B2F-255E-494A-8FF3-009C69C83E93} = {91C27B2F-255E-494A-8FF3-009C69C83E93}
		{65DA7AC8-7E16-4E49-B46D-B3DE9021A8E7} = {65DA7AC8-7E16-4E49-B46D-B3DE9021A8E7}
		{FD5F2CB8-429F-4A40-B2EC-1957EF5690C5} = {FD5F2CB8-429F-4A40-B2EC-1957EF5690C5}
		{937422F8-E8E8-4411-8A43-02052CC588CF} = {937422F8-E8E8-4411-8A43-02052CC588CF}
		{2A127306-B915-444E-8029-7CFF0CF68DFC} = {2A127306-B915-444E-8029-7CFF0CF68DFC}
		{FE832EE3-AF58-4717-B7AD-39118B3FB67F} = {FE832EE3-AF58-4717-B7AD-39118B3FB67F}
		{9EB84B39-E4FF-455A-B69F-B7D7CE9E9A72} = {9EB84B39-E4FF-455A-B69F-B7D7CE9E9A72}
	EndProjectSection
EndProject
Project("{8BC9CEB8-8B4A-11D0-8D11-00A0C91BC942}") = "_ImplicitDLL", "_ImplicitDLL.vcproj", "{23543447-6DB2-45A4-A2E7-DF8287EBA8BB}"
	ProjectSection(ProjectDependencies) = postProject
	EndProjectSection
EndProject
Project("{8BC9CEB8-8B4A-11D0-8D11-00A0C91BC942}") = "_StaticLibs", "_StaticLibs.vcproj", "{1C105F20-9F79-4D7B-9952-E06504F299D4}"
	ProjectSection(ProjectDependencies) = postProject
		{0E44AB3C-6613-4E72-95E9-273A253CB7B2} = {0E44AB3C-6613-4E72-95E9-273A253CB7B2}
		{408EB88E-5CCC-41AE-A6C1-A7C4F910B77D} = {408EB88E-5CCC-41AE-A6C1-A7C4F910B77D}
		{8E1C4ED7-6D78-499B-A489-9F7FBBAEB704} = {8E1C4ED7-6D78-499B-A489-9F7FBBAEB704}
		{FED851BE-2D57-4F3C-BCCE-0ABC61597420} = {FED851BE-2D57-4F3C-BCCE-0ABC61597420}
	EndProjectSection
EndProject
Project("{8BC9CEB8-8B4A-11D0-8D11-00A0C91BC942}") = "proto", "..\x86Math\x86math.vcproj", "{168FA7C0-D2C3-472C-9702-20B477E32679}"
	ProjectSection(ProjectDependencies) = postProject
	EndProjectSection
EndProject
Project("{8BC9CEB8-8B4A-11D0-8D11-00A0C91BC942}") = "streamer", "..\Streamer\streamer.vcproj", "{2A127306-B915-444E-8029-7CFF0CF68DFC}"
	ProjectSection(ProjectDependencies) = postProject
	EndProjectSection
EndProject
Project("{8BC9CEB8-8B4A-11D0-8D11-00A0C91BC942}") = "System", "..\System\System.vcproj", "{E94C9A85-FBD8-4F53-BB17-285D2148BAD0}"
	ProjectSection(ProjectDependencies) = postProject
	EndProjectSection
EndProject
Project("{8BC9CEB8-8B4A-11D0-8D11-00A0C91BC942}") = "StringTable", "..\StringTable\StringTable.vcproj", "{FB30EBAC-9CC3-409C-82B5-8A7083981087}"
	ProjectSection(ProjectDependencies) = postProject
	EndProjectSection
EndProject
Project("{8BC9CEB8-8B4A-11D0-8D11-00A0C91BC942}") = "MaterialManager", "..\MaterialManager\MaterialManager.vcproj", "{B12B9D80-2386-4478-AB50-9AF9ABBA3FA7}"
	ProjectSection(ProjectDependencies) = postProject
	EndProjectSection
EndProject
Project("{8BC9CEB8-8B4A-11D0-8D11-00A0C91BC942}") = "VideoSystem", "..\VideoSystem\VideoSystem.vcproj", "{09B93907-BB96-40E4-AE52-95AF862FE04F}"
	ProjectSection(ProjectDependencies) = postProject
	EndProjectSection
EndProject
Project("{8BC9CEB8-8B4A-11D0-8D11-00A0C91BC942}") = "ParticleEffect", "..\ParticleEffect\ParticleEffect.vcproj", "{23CB7D10-4E99-441C-A214-AD3B6E543E5B}"
	ProjectSection(ProjectDependencies) = postProject
	EndProjectSection
EndProject
Project("{8BC9CEB8-8B4A-11D0-8D11-00A0C91BC942}") = "MeshManager", "..\MeshManager\MeshManager.vcproj", "{30081709-821A-4FD1-9577-02A626ED1477}"
	ProjectSection(ProjectDependencies) = postProject
	EndProjectSection
EndProject
Project("{8BC9CEB8-8B4A-11D0-8D11-00A0C91BC942}") = "TextureManager", "..\TextureManager\TextureManager.vcproj", "{7BC249A8-0E54-4D3F-8965-4F49F8C2C4E4}"
	ProjectSection(ProjectDependencies) = postProject
	EndProjectSection
EndProject
Global
	GlobalSection(SourceCodeControl) = preSolution
		SccNumberOfProjects = 26
		SccProjectUniqueName0 = ..\\Anim\\Anim.vcproj
		SccProjectName0 = \u0022$/Libs/Src/Anim\u0022,\u0020VHFAAAAA
		SccLocalPath0 = ..\\Anim
		SccProvider0 = MSSCCI:NXN\u0020alienbrain
		SccProjectUniqueName1 = ..\\COMHeap\\COMHeap.vcproj
		SccProjectName1 = \u0022$/Libs/Src/COMHeap\u0022,\u0020EDAAAAAA
		SccLocalPath1 = ..\\COMHeap
		SccProvider1 = MSSCCI:NXN\u0020alienbrain
		SccProjectUniqueName2 = ..\\Channel\\Channel.vcproj
		SccProjectName2 = \u0022$/Libs/Src/EngComps/Channel\u0022,\u0020RAFAAAAA
		SccLocalPath2 = ..\\Channel
		SccProvider2 = MSSCCI:NXN\u0020alienbrain
		SccProjectUniqueName3 = ..\\RenderPipeline\\D3DRenderPipe.vcproj
		SccProjectName3 = \u0022$/Libs/Src/RenderPipeline\u0022,\u0020URVAAAAA
		SccLocalPath3 = ..\\RenderPipeline
		SccProvider3 = MSSCCI:NXN\u0020alienbrain
		SccProjectUniqueName4 = ..\\DACOM\\DACOM.vcproj
		SccProjectName4 = \u0022$/Libs/Dev/Src/DACOM\u0022,\u0020ZAAAAAAA
		SccLocalPath4 = ..\\DACOM
		SccProvider4 = MSSCCI:NXN\u0020alienbrain
		SccProjectUniqueName5 = ..\\DOSFile\\DOSFile.vcproj
		SccProjectName5 = \u0022$/Libs/Src/DOSFile\u0022,\u0020GBCAAAAA
		SccLocalPath5 = ..\\DOSFile
		SccProvider5 = MSSCCI:NXN\u0020alienbrain
		SccProjectUniqueName6 = ..\\Viewer\\DOCUVIEW\\DataViewer.vcproj
		SccProjectName6 = \u0022$/Libs/Src/DataViewer\u0022,\u0020UVCAAAAA
		SccLocalPath6 = ..\\Viewer\\DOCUVIEW
		SccProvider6 = MSSCCI:NXN\u0020alienbrain
		SccProjectUniqueName7 = ..\\Engine\\Engine.vcproj
		SccProjectName7 = \u0022$/Libs/Src/Engine\u0022,\u0020DGDAAAAA
		SccLocalPath7 = ..\\Engine
		SccProvider7 = MSSCCI:NXN\u0020alienbrain
		SccProjectUniqueName8 = ..\\EngComps\\Hardpoint\\HardPoint.vcproj
		SccProjectName8 = \u0022$/Libs/Src/EngComps/Hardpoint\u0022,\u0020QDIAAAAA
		SccLocalPath8 = ..\\EngComps\\Hardpoint
		SccProvider8 = MSSCCI:NXN\u0020alienbrain
		SccProjectUniqueName9 = ..\\DAHOTKEY\\Hotkey.vcproj
		SccProjectName9 = \u0022$/Libs/Src/Hotkey\u0022,\u0020JDAAAAAA
		SccLocalPath9 = ..\\DAHOTKEY
		SccProvider9 = MSSCCI:NXN\u0020alienbrain
		SccProjectUniqueName10 = ..\\LightManager\\LightManager.vcproj
		SccProjectName10 = \u0022$/Libs/Src/RenderPipeline\u0022,\u0020URVAAAAA
		SccLocalPath10 = ..\\LightManager
		SccProvider10 = MSSCCI:NXN\u0020alienbrain
		SccProjectUniqueName11 = ..\\x86Math\\MathLib.vcproj
		SccProjectName11 = \u0022$/Libs/Src/x86math/MathLib\u0022,\u0020BKSAAAAA
		SccLocalPath11 = ..\\x86Math
		SccProvider11 = MSSCCI:NXN\u0020alienbrain
		SccProjectUniqueName12 = ..\\RendComp\\Optics\\Optics.vcproj
		SccProjectName12 = \u0022$/Libs/Src/RendComp/Optics\u0022,\u0020OKLAAAAA
		SccLocalPath12 = ..\\RendComp\\Optics
		SccProvider12 = MSSCCI:NXN\u0020alienbrain
		SccProjectUniqueName13 = ..\\RendComp\\PolyMesh\\PolyMesh.vcproj
		SccProjectName13 = \u0022$/Libs/Src/RendComp/PolyMesh\u0022,\u0020VCGAAAAA
		SccLocalPath13 = ..\\RendComp\\PolyMesh
		SccProvider13 = MSSCCI:NXN\u0020alienbrain
		SccProjectUniqueName14 = ..\\RenderPipeline\\RPUL\\RPUL.vcproj
		SccProjectName14 = \u0022$/Libs/Src/RenderPipeline/RPUL\u0022,\u0020VIWAAAAA
		SccLocalPath14 = ..\\RenderPipeline\\RPUL
		SccProvider14 = MSSCCI:NXN\u0020alienbrain
		SccProjectUniqueName15 = ..\\EngComps\\RenderMgr\\RenderMgr.vcproj
		SccProjectName15 = \u0022$/Libs/Src/EngComps/RenderMgr\u0022,\u0020PCGAAAAA
		SccLocalPath15 = ..\\EngComps\\RenderMgr
		SccProvider15 = MSSCCI:NXN\u0020alienbrain
		SccProjectUniqueName16 = ..\\Shading\\TextureLibrary\\TextureLibrary.vcproj
		SccProjectName16 = \u0022$/Libs/Src/RenderPipeline\u0022,\u0020URVAAAAA
		SccLocalPath16 = ..\\Shading\\TextureLibrary
		SccProvider16 = MSSCCI:NXN\u0020alienbrain
		SccProjectUniqueName17 = _CQ_FullBuild.vcproj
		SccProjectName17 = _CQ_FullBuild
		SccLocalPath17 = .
		SccProvider17 = MSSCCI:NXN\u0020alienbrain
		SccProjectUniqueName18 = _ExplicitDLL.vcproj
		SccProjectName18 = _ExplicitDLL
		SccLocalPath18 = .
		SccProvider18 = MSSCCI:NXN\u0020alienbrain
		SccProjectUniqueName19 = _ImplicitDLL.vcproj
		SccProjectName19 = _ImplicitDLL
		SccLocalPath19 = .
		SccProvider19 = MSSCCI:NXN\u0020alienbrain
		SccProjectUniqueName20 = _StaticLibs.vcproj
		SccProjectName20 = _StaticLibs
		SccLocalPath20 = _staticlibs
		SccProvider20 = MSSCCI:NXN\u0020alienbrain
		SccProjectFilePathRelativizedFromConnection20 = ..\\
		SccProjectUniqueName21 = ..\\x86Math\\x86math.vcproj
		SccProjectName21 = \u0022$/Libs/Src/x86math\u0022,\u0020VPCAAAAA
		SccLocalPath21 = ..\\x86Math
		SccProvider21 = MSSCCI:NXN\u0020alienbrain
		SccProjectUniqueName22 = ..\\Streamer\\streamer.vcproj
		SccProjectName22 = \u0022$/Libs/Src/streamer\u0022,\u0020TKUAAAAA
		SccLocalPath22 = ..\\Streamer
		SccProvider22 = MSSCCI:NXN\u0020alienbrain
		SccProjectUniqueName23 = ..\\System\\System.vcproj
		SccProjectName23 = \u0022$/Libs/Src/System\u0022,\u0020SGAAAAAA
		SccLocalPath23 = ..\\System
		SccProvider23 = MSSCCI:NXN\u0020alienbrain
		SccProjectUniqueName24 = ..\\MaterialManager\\MaterialManager.vcproj
		SccProjectName24 = MaterialManager
		SccLocalPath24 = ..\\MaterialManager
		SccProvider24 = MSSCCI:NXN\u0020alienbrain
		SccProjectUniqueName25 = ..\\VideoSystem\\VideoSystem.vcproj
		SccProjectName25 = \u0022$/Libs/Src/VideoSystem\u0022,\u0020AXDAAAAA
		SccLocalPath25 = ..\\VideoSystem
		SccProvider25 = MSSCCI:NXN\u0020alienbrain
	EndGlobalSection
	GlobalSection(SolutionConfiguration) = preSolution
		Debug = Debug
		Debug Thread Safe = Debug Thread Safe
		Develop = Develop
		MSHeap Debug = MSHeap Debug
		MSHeap Release = MSHeap Release
		OptimizeForSpeed = OptimizeForSpeed
		Release = Release
		Release Thread Safe = Release Thread Safe
	EndGlobalSection
	GlobalSection(ProjectConfiguration) = postSolution
		{5975EA44-F609-4E6F-890B-19EBF48EDB49}.Debug.ActiveCfg = Debug|Win32
		{5975EA44-F609-4E6F-890B-19EBF48EDB49}.Debug.Build.0 = Debug|Win32
		{5975EA44-F609-4E6F-890B-19EBF48EDB49}.Debug Thread Safe.ActiveCfg = Debug|Win32
		{5975EA44-F609-4E6F-890B-19EBF48EDB49}.Debug Thread Safe.Build.0 = Debug|Win32
		{5975EA44-F609-4E6F-890B-19EBF48EDB49}.Develop.ActiveCfg = Debug|Win32
		{5975EA44-F609-4E6F-890B-19EBF48EDB49}.Develop.Build.0 = Debug|Win32
		{5975EA44-F609-4E6F-890B-19EBF48EDB49}.MSHeap Debug.ActiveCfg = MSHeap Debug|Win32
		{5975EA44-F609-4E6F-890B-19EBF48EDB49}.MSHeap Debug.Build.0 = MSHeap Debug|Win32
		{5975EA44-F609-4E6F-890B-19EBF48EDB49}.MSHeap Release.ActiveCfg = MSHeap Release|Win32
		{5975EA44-F609-4E6F-890B-19EBF48EDB49}.MSHeap Release.Build.0 = MSHeap Release|Win32
		{5975EA44-F609-4E6F-890B-19EBF48EDB49}.OptimizeForSpeed.ActiveCfg = MSHeap Release|Win32
		{5975EA44-F609-4E6F-890B-19EBF48EDB49}.OptimizeForSpeed.Build.0 = MSHeap Release|Win32
		{5975EA44-F609-4E6F-890B-19EBF48EDB49}.Release.ActiveCfg = Release|Win32
		{5975EA44-F609-4E6F-890B-19EBF48EDB49}.Release.Build.0 = Release|Win32
		{5975EA44-F609-4E6F-890B-19EBF48EDB49}.Release Thread Safe.ActiveCfg = Release|Win32
		{5975EA44-F609-4E6F-890B-19EBF48EDB49}.Release Thread Safe.Build.0 = Release|Win32
		{0E44AB3C-6613-4E72-95E9-273A253CB7B2}.Debug.ActiveCfg = Debug|Win32
		{0E44AB3C-6613-4E72-95E9-273A253CB7B2}.Debug.Build.0 = Debug|Win32
		{0E44AB3C-6613-4E72-95E9-273A253CB7B2}.Debug Thread Safe.ActiveCfg = Debug|Win32
		{0E44AB3C-6613-4E72-95E9-273A253CB7B2}.Debug Thread Safe.Build.0 = Debug|Win32
		{0E44AB3C-6613-4E72-95E9-273A253CB7B2}.Develop.ActiveCfg = Debug|Win32
		{0E44AB3C-6613-4E72-95E9-273A253CB7B2}.Develop.Build.0 = Debug|Win32
		{0E44AB3C-6613-4E72-95E9-273A253CB7B2}.MSHeap Debug.ActiveCfg = Debug|Win32
		{0E44AB3C-6613-4E72-95E9-273A253CB7B2}.MSHeap Debug.Build.0 = Debug|Win32
		{0E44AB3C-6613-4E72-95E9-273A253CB7B2}.MSHeap Release.ActiveCfg = Release|Win32
		{0E44AB3C-6613-4E72-95E9-273A253CB7B2}.MSHeap Release.Build.0 = Release|Win32
		{0E44AB3C-6613-4E72-95E9-273A253CB7B2}.OptimizeForSpeed.ActiveCfg = Release|Win32
		{0E44AB3C-6613-4E72-95E9-273A253CB7B2}.OptimizeForSpeed.Build.0 = Release|Win32
		{0E44AB3C-6613-4E72-95E9-273A253CB7B2}.Release.ActiveCfg = Release|Win32
		{0E44AB3C-6613-4E72-95E9-273A253CB7B2}.Release.Build.0 = Release|Win32
		{0E44AB3C-6613-4E72-95E9-273A253CB7B2}.Release Thread Safe.ActiveCfg = Release|Win32
		{0E44AB3C-6613-4E72-95E9-273A253CB7B2}.Release Thread Safe.Build.0 = Release|Win32
		{A7EF4573-A996-4527-B400-C7AFA7F3CBD1}.Debug.ActiveCfg = Debug|Win32
		{A7EF4573-A996-4527-B400-C7AFA7F3CBD1}.Debug.Build.0 = Debug|Win32
		{A7EF4573-A996-4527-B400-C7AFA7F3CBD1}.Debug Thread Safe.ActiveCfg = Debug|Win32
		{A7EF4573-A996-4527-B400-C7AFA7F3CBD1}.Debug Thread Safe.Build.0 = Debug|Win32
		{A7EF4573-A996-4527-B400-C7AFA7F3CBD1}.Develop.ActiveCfg = Debug|Win32
		{A7EF4573-A996-4527-B400-C7AFA7F3CBD1}.Develop.Build.0 = Debug|Win32
		{A7EF4573-A996-4527-B400-C7AFA7F3CBD1}.MSHeap Debug.ActiveCfg = MSHeap Debug|Win32
		{A7EF4573-A996-4527-B400-C7AFA7F3CBD1}.MSHeap Debug.Build.0 = MSHeap Debug|Win32
		{A7EF4573-A996-4527-B400-C7AFA7F3CBD1}.MSHeap Release.ActiveCfg = MSHeap Release|Win32
		{A7EF4573-A996-4527-B400-C7AFA7F3CBD1}.MSHeap Release.Build.0 = MSHeap Release|Win32
		{A7EF4573-A996-4527-B400-C7AFA7F3CBD1}.OptimizeForSpeed.ActiveCfg = Release|Win32
		{A7EF4573-A996-4527-B400-C7AFA7F3CBD1}.OptimizeForSpeed.Build.0 = Release|Win32
		{A7EF4573-A996-4527-B400-C7AFA7F3CBD1}.Release.ActiveCfg = Release|Win32
		{A7EF4573-A996-4527-B400-C7AFA7F3CBD1}.Release.Build.0 = Release|Win32
		{A7EF4573-A996-4527-B400-C7AFA7F3CBD1}.Release Thread Safe.ActiveCfg = Release|Win32
		{A7EF4573-A996-4527-B400-C7AFA7F3CBD1}.Release Thread Safe.Build.0 = Release|Win32
		{5BB4A201-B86D-464F-9F22-ACAFB91B69AD}.Debug.ActiveCfg = Debug|Win32
		{5BB4A201-B86D-464F-9F22-ACAFB91B69AD}.Debug.Build.0 = Debug|Win32
		{5BB4A201-B86D-464F-9F22-ACAFB91B69AD}.Debug Thread Safe.ActiveCfg = Debug|Win32
		{5BB4A201-B86D-464F-9F22-ACAFB91B69AD}.Debug Thread Safe.Build.0 = Debug|Win32
		{5BB4A201-B86D-464F-9F22-ACAFB91B69AD}.Develop.ActiveCfg = Debug|Win32
		{5BB4A201-B86D-464F-9F22-ACAFB91B69AD}.Develop.Build.0 = Debug|Win32
		{5BB4A201-B86D-464F-9F22-ACAFB91B69AD}.MSHeap Debug.ActiveCfg = MSHeap Debug|Win32
		{5BB4A201-B86D-464F-9F22-ACAFB91B69AD}.MSHeap Debug.Build.0 = MSHeap Debug|Win32
		{5BB4A201-B86D-464F-9F22-ACAFB91B69AD}.MSHeap Release.ActiveCfg = MSHeap Release|Win32
		{5BB4A201-B86D-464F-9F22-ACAFB91B69AD}.MSHeap Release.Build.0 = MSHeap Release|Win32
		{5BB4A201-B86D-464F-9F22-ACAFB91B69AD}.OptimizeForSpeed.ActiveCfg = MSHeap Release|Win32
		{5BB4A201-B86D-464F-9F22-ACAFB91B69AD}.OptimizeForSpeed.Build.0 = MSHeap Release|Win32
		{5BB4A201-B86D-464F-9F22-ACAFB91B69AD}.Release.ActiveCfg = Release|Win32
		{5BB4A201-B86D-464F-9F22-ACAFB91B69AD}.Release.Build.0 = Release|Win32
		{5BB4A201-B86D-464F-9F22-ACAFB91B69AD}.Release Thread Safe.ActiveCfg = Release|Win32
		{5BB4A201-B86D-464F-9F22-ACAFB91B69AD}.Release Thread Safe.Build.0 = Release|Win32
		{408EB88E-5CCC-41AE-A6C1-A7C4F910B77D}.Debug.ActiveCfg = Debug|Win32
		{408EB88E-5CCC-41AE-A6C1-A7C4F910B77D}.Debug.Build.0 = Debug|Win32
		{408EB88E-5CCC-41AE-A6C1-A7C4F910B77D}.Debug Thread Safe.ActiveCfg = Debug|Win32
		{408EB88E-5CCC-41AE-A6C1-A7C4F910B77D}.Debug Thread Safe.Build.0 = Debug|Win32
		{408EB88E-5CCC-41AE-A6C1-A7C4F910B77D}.Develop.ActiveCfg = Debug|Win32
		{408EB88E-5CCC-41AE-A6C1-A7C4F910B77D}.Develop.Build.0 = Debug|Win32
		{408EB88E-5CCC-41AE-A6C1-A7C4F910B77D}.MSHeap Debug.ActiveCfg = Debug|Win32
		{408EB88E-5CCC-41AE-A6C1-A7C4F910B77D}.MSHeap Debug.Build.0 = Debug|Win32
		{408EB88E-5CCC-41AE-A6C1-A7C4F910B77D}.MSHeap Release.ActiveCfg = Release|Win32
		{408EB88E-5CCC-41AE-A6C1-A7C4F910B77D}.MSHeap Release.Build.0 = Release|Win32
		{408EB88E-5CCC-41AE-A6C1-A7C4F910B77D}.OptimizeForSpeed.ActiveCfg = Debug|Win32
		{408EB88E-5CCC-41AE-A6C1-A7C4F910B77D}.OptimizeForSpeed.Build.0 = Debug|Win32
		{408EB88E-5CCC-41AE-A6C1-A7C4F910B77D}.Release.ActiveCfg = Release|Win32
		{408EB88E-5CCC-41AE-A6C1-A7C4F910B77D}.Release.Build.0 = Release|Win32
		{408EB88E-5CCC-41AE-A6C1-A7C4F910B77D}.Release Thread Safe.ActiveCfg = Release|Win32
		{408EB88E-5CCC-41AE-A6C1-A7C4F910B77D}.Release Thread Safe.Build.0 = Release|Win32
		{ED79E864-2838-45E5-84D2-B77A5649F411}.Debug.ActiveCfg = Debug|Win32
		{ED79E864-2838-45E5-84D2-B77A5649F411}.Debug.Build.0 = Debug|Win32
		{ED79E864-2838-45E5-84D2-B77A5649F411}.Debug Thread Safe.ActiveCfg = Debug Thread Safe|Win32
		{ED79E864-2838-45E5-84D2-B77A5649F411}.Debug Thread Safe.Build.0 = Debug Thread Safe|Win32
		{ED79E864-2838-45E5-84D2-B77A5649F411}.Develop.ActiveCfg = Debug Thread Safe|Win32
		{ED79E864-2838-45E5-84D2-B77A5649F411}.Develop.Build.0 = Debug Thread Safe|Win32
		{ED79E864-2838-45E5-84D2-B77A5649F411}.MSHeap Debug.ActiveCfg = MSHeap Debug|Win32
		{ED79E864-2838-45E5-84D2-B77A5649F411}.MSHeap Debug.Build.0 = MSHeap Debug|Win32
		{ED79E864-2838-45E5-84D2-B77A5649F411}.MSHeap Release.ActiveCfg = MSHeap Release|Win32
		{ED79E864-2838-45E5-84D2-B77A5649F411}.MSHeap Release.Build.0 = MSHeap Release|Win32
		{ED79E864-2838-45E5-84D2-B77A5649F411}.OptimizeForSpeed.ActiveCfg = MSHeap Debug|Win32
		{ED79E864-2838-45E5-84D2-B77A5649F411}.OptimizeForSpeed.Build.0 = MSHeap Debug|Win32
		{ED79E864-2838-45E5-84D2-B77A5649F411}.Release.ActiveCfg = Release|Win32
		{ED79E864-2838-45E5-84D2-B77A5649F411}.Release.Build.0 = Release|Win32
		{ED79E864-2838-45E5-84D2-B77A5649F411}.Release Thread Safe.ActiveCfg = Release Thread Safe|Win32
		{ED79E864-2838-45E5-84D2-B77A5649F411}.Release Thread Safe.Build.0 = Release Thread Safe|Win32
		{9EB84B39-E4FF-455A-B69F-B7D7CE9E9A72}.Debug.ActiveCfg = Debug|Win32
		{9EB84B39-E4FF-455A-B69F-B7D7CE9E9A72}.Debug.Build.0 = Debug|Win32
		{9EB84B39-E4FF-455A-B69F-B7D7CE9E9A72}.Debug Thread Safe.ActiveCfg = Debug|Win32
		{9EB84B39-E4FF-455A-B69F-B7D7CE9E9A72}.Debug Thread Safe.Build.0 = Debug|Win32
		{9EB84B39-E4FF-455A-B69F-B7D7CE9E9A72}.Develop.ActiveCfg = Debug|Win32
		{9EB84B39-E4FF-455A-B69F-B7D7CE9E9A72}.Develop.Build.0 = Debug|Win32
		{9EB84B39-E4FF-455A-B69F-B7D7CE9E9A72}.MSHeap Debug.ActiveCfg = Debug|Win32
		{9EB84B39-E4FF-455A-B69F-B7D7CE9E9A72}.MSHeap Debug.Build.0 = Debug|Win32
		{9EB84B39-E4FF-455A-B69F-B7D7CE9E9A72}.MSHeap Release.ActiveCfg = Release|Win32
		{9EB84B39-E4FF-455A-B69F-B7D7CE9E9A72}.MSHeap Release.Build.0 = Release|Win32
		{9EB84B39-E4FF-455A-B69F-B7D7CE9E9A72}.OptimizeForSpeed.ActiveCfg = OptimizeForSpeed|Win32
		{9EB84B39-E4FF-455A-B69F-B7D7CE9E9A72}.OptimizeForSpeed.Build.0 = OptimizeForSpeed|Win32
		{9EB84B39-E4FF-455A-B69F-B7D7CE9E9A72}.Release.ActiveCfg = Release|Win32
		{9EB84B39-E4FF-455A-B69F-B7D7CE9E9A72}.Release.Build.0 = Release|Win32
		{9EB84B39-E4FF-455A-B69F-B7D7CE9E9A72}.Release Thread Safe.ActiveCfg = Release|Win32
		{9EB84B39-E4FF-455A-B69F-B7D7CE9E9A72}.Release Thread Safe.Build.0 = Release|Win32
		{515FDB36-0A6A-4A9F-9A64-A0B4AEBD46FA}.Debug.ActiveCfg = Debug|Win32
		{515FDB36-0A6A-4A9F-9A64-A0B4AEBD46FA}.Debug.Build.0 = Debug|Win32
		{515FDB36-0A6A-4A9F-9A64-A0B4AEBD46FA}.Debug Thread Safe.ActiveCfg = Debug|Win32
		{515FDB36-0A6A-4A9F-9A64-A0B4AEBD46FA}.Debug Thread Safe.Build.0 = Debug|Win32
		{515FDB36-0A6A-4A9F-9A64-A0B4AEBD46FA}.Develop.ActiveCfg = Debug|Win32
		{515FDB36-0A6A-4A9F-9A64-A0B4AEBD46FA}.Develop.Build.0 = Debug|Win32
		{515FDB36-0A6A-4A9F-9A64-A0B4AEBD46FA}.MSHeap Debug.ActiveCfg = MSHeap Debug|Win32
		{515FDB36-0A6A-4A9F-9A64-A0B4AEBD46FA}.MSHeap Debug.Build.0 = MSHeap Debug|Win32
		{515FDB36-0A6A-4A9F-9A64-A0B4AEBD46FA}.MSHeap Release.ActiveCfg = MSHeap Release|Win32
		{515FDB36-0A6A-4A9F-9A64-A0B4AEBD46FA}.MSHeap Release.Build.0 = MSHeap Release|Win32
		{515FDB36-0A6A-4A9F-9A64-A0B4AEBD46FA}.OptimizeForSpeed.ActiveCfg = MSHeap Release|Win32
		{515FDB36-0A6A-4A9F-9A64-A0B4AEBD46FA}.OptimizeForSpeed.Build.0 = MSHeap Release|Win32
		{515FDB36-0A6A-4A9F-9A64-A0B4AEBD46FA}.Release.ActiveCfg = Release|Win32
		{515FDB36-0A6A-4A9F-9A64-A0B4AEBD46FA}.Release.Build.0 = Release|Win32
		{515FDB36-0A6A-4A9F-9A64-A0B4AEBD46FA}.Release Thread Safe.ActiveCfg = Release|Win32
		{515FDB36-0A6A-4A9F-9A64-A0B4AEBD46FA}.Release Thread Safe.Build.0 = Release|Win32
		{8C3E77A2-7633-4C82-83CF-E0752F641A1D}.Debug.ActiveCfg = Debug|Win32
		{8C3E77A2-7633-4C82-83CF-E0752F641A1D}.Debug.Build.0 = Debug|Win32
		{8C3E77A2-7633-4C82-83CF-E0752F641A1D}.Debug Thread Safe.ActiveCfg = Debug|Win32
		{8C3E77A2-7633-4C82-83CF-E0752F641A1D}.Debug Thread Safe.Build.0 = Debug|Win32
		{8C3E77A2-7633-4C82-83CF-E0752F641A1D}.Develop.ActiveCfg = Debug|Win32
		{8C3E77A2-7633-4C82-83CF-E0752F641A1D}.Develop.Build.0 = Debug|Win32
		{8C3E77A2-7633-4C82-83CF-E0752F641A1D}.MSHeap Debug.ActiveCfg = Debug|Win32
		{8C3E77A2-7633-4C82-83CF-E0752F641A1D}.MSHeap Debug.Build.0 = Debug|Win32
		{8C3E77A2-7633-4C82-83CF-E0752F641A1D}.MSHeap Release.ActiveCfg = Release|Win32
		{8C3E77A2-7633-4C82-83CF-E0752F641A1D}.MSHeap Release.Build.0 = Release|Win32
		{8C3E77A2-7633-4C82-83CF-E0752F641A1D}.OptimizeForSpeed.ActiveCfg = Debug|Win32
		{8C3E77A2-7633-4C82-83CF-E0752F641A1D}.OptimizeForSpeed.Build.0 = Debug|Win32
		{8C3E77A2-7633-4C82-83CF-E0752F641A1D}.Release.ActiveCfg = Release|Win32
		{8C3E77A2-7633-4C82-83CF-E0752F641A1D}.Release.Build.0 = Release|Win32
		{8C3E77A2-7633-4C82-83CF-E0752F641A1D}.Release Thread Safe.ActiveCfg = Release|Win32
		{8C3E77A2-7633-4C82-83CF-E0752F641A1D}.Release Thread Safe.Build.0 = Release|Win32
		{91C1AE15-000B-4BDA-BD8E-C86D5F94137E}.Debug.ActiveCfg = Debug|Win32
		{91C1AE15-000B-4BDA-BD8E-C86D5F94137E}.Debug.Build.0 = Debug|Win32
		{91C1AE15-000B-4BDA-BD8E-C86D5F94137E}.Debug Thread Safe.ActiveCfg = Debug|Win32
		{91C1AE15-000B-4BDA-BD8E-C86D5F94137E}.Debug Thread Safe.Build.0 = Debug|Win32
		{91C1AE15-000B-4BDA-BD8E-C86D5F94137E}.Develop.ActiveCfg = Debug|Win32
		{91C1AE15-000B-4BDA-BD8E-C86D5F94137E}.Develop.Build.0 = Debug|Win32
		{91C1AE15-000B-4BDA-BD8E-C86D5F94137E}.MSHeap Debug.ActiveCfg = Debug|Win32
		{91C1AE15-000B-4BDA-BD8E-C86D5F94137E}.MSHeap Debug.Build.0 = Debug|Win32
		{91C1AE15-000B-4BDA-BD8E-C86D5F94137E}.MSHeap Release.ActiveCfg = Release|Win32
		{91C1AE15-000B-4BDA-BD8E-C86D5F94137E}.MSHeap Release.Build.0 = Release|Win32
		{91C1AE15-000B-4BDA-BD8E-C86D5F94137E}.OptimizeForSpeed.ActiveCfg = Debug|Win32
		{91C1AE15-000B-4BDA-BD8E-C86D5F94137E}.OptimizeForSpeed.Build.0 = Debug|Win32
		{91C1AE15-000B-4BDA-BD8E-C86D5F94137E}.Release.ActiveCfg = Release|Win32
		{91C1AE15-000B-4BDA-BD8E-C86D5F94137E}.Release.Build.0 = Release|Win32
		{91C1AE15-000B-4BDA-BD8E-C86D5F94137E}.Release Thread Safe.ActiveCfg = Release|Win32
		{91C1AE15-000B-4BDA-BD8E-C86D5F94137E}.Release Thread Safe.Build.0 = Release|Win32
		{91C27B2F-255E-494A-8FF3-009C69C83E93}.Debug.ActiveCfg = Debug|Win32
		{91C27B2F-255E-494A-8FF3-009C69C83E93}.Debug.Build.0 = Debug|Win32
		{91C27B2F-255E-494A-8FF3-009C69C83E93}.Debug Thread Safe.ActiveCfg = Debug|Win32
		{91C27B2F-255E-494A-8FF3-009C69C83E93}.Debug Thread Safe.Build.0 = Debug|Win32
		{91C27B2F-255E-494A-8FF3-009C69C83E93}.Develop.ActiveCfg = Debug|Win32
		{91C27B2F-255E-494A-8FF3-009C69C83E93}.Develop.Build.0 = Debug|Win32
		{91C27B2F-255E-494A-8FF3-009C69C83E93}.MSHeap Debug.ActiveCfg = MSHeap Debug|Win32
		{91C27B2F-255E-494A-8FF3-009C69C83E93}.MSHeap Debug.Build.0 = MSHeap Debug|Win32
		{91C27B2F-255E-494A-8FF3-009C69C83E93}.MSHeap Release.ActiveCfg = MSHeap Release|Win32
		{91C27B2F-255E-494A-8FF3-009C69C83E93}.MSHeap Release.Build.0 = MSHeap Release|Win32
		{91C27B2F-255E-494A-8FF3-009C69C83E93}.OptimizeForSpeed.ActiveCfg = Release|Win32
		{91C27B2F-255E-494A-8FF3-009C69C83E93}.OptimizeForSpeed.Build.0 = Release|Win32
		{91C27B2F-255E-494A-8FF3-009C69C83E93}.Release.ActiveCfg = Release|Win32
		{91C27B2F-255E-494A-8FF3-009C69C83E93}.Release.Build.0 = Release|Win32
		{91C27B2F-255E-494A-8FF3-009C69C83E93}.Release Thread Safe.ActiveCfg = Release|Win32
		{91C27B2F-255E-494A-8FF3-009C69C83E93}.Release Thread Safe.Build.0 = Release|Win32
		{8E1C4ED7-6D78-499B-A489-9F7FBBAEB704}.Debug.ActiveCfg = Debug|Win32
		{8E1C4ED7-6D78-499B-A489-9F7FBBAEB704}.Debug.Build.0 = Debug|Win32
		{8E1C4ED7-6D78-499B-A489-9F7FBBAEB704}.Debug Thread Safe.ActiveCfg = Debug|Win32
		{8E1C4ED7-6D78-499B-A489-9F7FBBAEB704}.Debug Thread Safe.Build.0 = Debug|Win32
		{8E1C4ED7-6D78-499B-A489-9F7FBBAEB704}.Develop.ActiveCfg = Debug|Win32
		{8E1C4ED7-6D78-499B-A489-9F7FBBAEB704}.Develop.Build.0 = Debug|Win32
		{8E1C4ED7-6D78-499B-A489-9F7FBBAEB704}.MSHeap Debug.ActiveCfg = Debug|Win32
		{8E1C4ED7-6D78-499B-A489-9F7FBBAEB704}.MSHeap Debug.Build.0 = Debug|Win32
		{8E1C4ED7-6D78-499B-A489-9F7FBBAEB704}.MSHeap Release.ActiveCfg = Release|Win32
		{8E1C4ED7-6D78-499B-A489-9F7FBBAEB704}.MSHeap Release.Build.0 = Release|Win32
		{8E1C4ED7-6D78-499B-A489-9F7FBBAEB704}.OptimizeForSpeed.ActiveCfg = Debug|Win32
		{8E1C4ED7-6D78-499B-A489-9F7FBBAEB704}.OptimizeForSpeed.Build.0 = Debug|Win32
		{8E1C4ED7-6D78-499B-A489-9F7FBBAEB704}.Release.ActiveCfg = Release|Win32
		{8E1C4ED7-6D78-499B-A489-9F7FBBAEB704}.Release.Build.0 = Release|Win32
		{8E1C4ED7-6D78-499B-A489-9F7FBBAEB704}.Release Thread Safe.ActiveCfg = Release|Win32
		{8E1C4ED7-6D78-499B-A489-9F7FBBAEB704}.Release Thread Safe.Build.0 = Release|Win32
		{65DA7AC8-7E16-4E49-B46D-B3DE9021A8E7}.Debug.ActiveCfg = Debug|Win32
		{65DA7AC8-7E16-4E49-B46D-B3DE9021A8E7}.Debug.Build.0 = Debug|Win32
		{65DA7AC8-7E16-4E49-B46D-B3DE9021A8E7}.Debug Thread Safe.ActiveCfg = Debug|Win32
		{65DA7AC8-7E16-4E49-B46D-B3DE9021A8E7}.Debug Thread Safe.Build.0 = Debug|Win32
		{65DA7AC8-7E16-4E49-B46D-B3DE9021A8E7}.Develop.ActiveCfg = Debug|Win32
		{65DA7AC8-7E16-4E49-B46D-B3DE9021A8E7}.Develop.Build.0 = Debug|Win32
		{65DA7AC8-7E16-4E49-B46D-B3DE9021A8E7}.MSHeap Debug.ActiveCfg = Debug|Win32
		{65DA7AC8-7E16-4E49-B46D-B3DE9021A8E7}.MSHeap Debug.Build.0 = Debug|Win32
		{65DA7AC8-7E16-4E49-B46D-B3DE9021A8E7}.MSHeap Release.ActiveCfg = Release|Win32
		{65DA7AC8-7E16-4E49-B46D-B3DE9021A8E7}.MSHeap Release.Build.0 = Release|Win32
		{65DA7AC8-7E16-4E49-B46D-B3DE9021A8E7}.OptimizeForSpeed.ActiveCfg = Debug|Win32
		{65DA7AC8-7E16-4E49-B46D-B3DE9021A8E7}.OptimizeForSpeed.Build.0 = Debug|Win32
		{65DA7AC8-7E16-4E49-B46D-B3DE9021A8E7}.Release.ActiveCfg = Release|Win32
		{65DA7AC8-7E16-4E49-B46D-B3DE9021A8E7}.Release.Build.0 = Release|Win32
		{65DA7AC8-7E16-4E49-B46D-B3DE9021A8E7}.Release Thread Safe.ActiveCfg = Release|Win32
		{65DA7AC8-7E16-4E49-B46D-B3DE9021A8E7}.Release Thread Safe.Build.0 = Release|Win32
		{FD5F2CB8-429F-4A40-B2EC-1957EF5690C5}.Debug.ActiveCfg = Debug|Win32
		{FD5F2CB8-429F-4A40-B2EC-1957EF5690C5}.Debug.Build.0 = Debug|Win32
		{FD5F2CB8-429F-4A40-B2EC-1957EF5690C5}.Debug Thread Safe.ActiveCfg = Debug|Win32
		{FD5F2CB8-429F-4A40-B2EC-1957EF5690C5}.Debug Thread Safe.Build.0 = Debug|Win32
		{FD5F2CB8-429F-4A40-B2EC-1957EF5690C5}.Develop.ActiveCfg = Debug|Win32
		{FD5F2CB8-429F-4A40-B2EC-1957EF5690C5}.Develop.Build.0 = Debug|Win32
		{FD5F2CB8-429F-4A40-B2EC-1957EF5690C5}.MSHeap Debug.ActiveCfg = Debug|Win32
		{FD5F2CB8-429F-4A40-B2EC-1957EF5690C5}.MSHeap Debug.Build.0 = Debug|Win32
		{FD5F2CB8-429F-4A40-B2EC-1957EF5690C5}.MSHeap Release.ActiveCfg = Release|Win32
		{FD5F2CB8-429F-4A40-B2EC-1957EF5690C5}.MSHeap Release.Build.0 = Release|Win32
		{FD5F2CB8-429F-4A40-B2EC-1957EF5690C5}.OptimizeForSpeed.ActiveCfg = Release|Win32
		{FD5F2CB8-429F-4A40-B2EC-1957EF5690C5}.OptimizeForSpeed.Build.0 = Release|Win32
		{FD5F2CB8-429F-4A40-B2EC-1957EF5690C5}.Release.ActiveCfg = Release|Win32
		{FD5F2CB8-429F-4A40-B2EC-1957EF5690C5}.Release.Build.0 = Release|Win32
		{FD5F2CB8-429F-4A40-B2EC-1957EF5690C5}.Release Thread Safe.ActiveCfg = Release|Win32
		{FD5F2CB8-429F-4A40-B2EC-1957EF5690C5}.Release Thread Safe.Build.0 = Release|Win32
		{FED851BE-2D57-4F3C-BCCE-0ABC61597420}.Debug.ActiveCfg = Debug|Win32
		{FED851BE-2D57-4F3C-BCCE-0ABC61597420}.Debug.Build.0 = Debug|Win32
		{FED851BE-2D57-4F3C-BCCE-0ABC61597420}.Debug Thread Safe.ActiveCfg = Debug|Win32
		{FED851BE-2D57-4F3C-BCCE-0ABC61597420}.Debug Thread Safe.Build.0 = Debug|Win32
		{FED851BE-2D57-4F3C-BCCE-0ABC61597420}.Develop.ActiveCfg = Debug|Win32
		{FED851BE-2D57-4F3C-BCCE-0ABC61597420}.Develop.Build.0 = Debug|Win32
		{FED851BE-2D57-4F3C-BCCE-0ABC61597420}.MSHeap Debug.ActiveCfg = Debug|Win32
		{FED851BE-2D57-4F3C-BCCE-0ABC61597420}.MSHeap Debug.Build.0 = Debug|Win32
		{FED851BE-2D57-4F3C-BCCE-0ABC61597420}.MSHeap Release.ActiveCfg = Release|Win32
		{FED851BE-2D57-4F3C-BCCE-0ABC61597420}.MSHeap Release.Build.0 = Release|Win32
		{FED851BE-2D57-4F3C-BCCE-0ABC61597420}.OptimizeForSpeed.ActiveCfg = Release|Win32
		{FED851BE-2D57-4F3C-BCCE-0ABC61597420}.OptimizeForSpeed.Build.0 = Release|Win32
		{FED851BE-2D57-4F3C-BCCE-0ABC61597420}.Release.ActiveCfg = Release|Win32
		{FED851BE-2D57-4F3C-BCCE-0ABC61597420}.Release.Build.0 = Release|Win32
		{FED851BE-2D57-4F3C-BCCE-0ABC61597420}.Release Thread Safe.ActiveCfg = Release|Win32
		{FED851BE-2D57-4F3C-BCCE-0ABC61597420}.Release Thread Safe.Build.0 = Release|Win32
		{937422F8-E8E8-4411-8A43-02052CC588CF}.Debug.ActiveCfg = Debug|Win32
		{937422F8-E8E8-4411-8A43-02052CC588CF}.Debug.Build.0 = Debug|Win32
		{937422F8-E8E8-4411-8A43-02052CC588CF}.Debug Thread Safe.ActiveCfg = Debug|Win32
		{937422F8-E8E8-4411-8A43-02052CC588CF}.Debug Thread Safe.Build.0 = Debug|Win32
		{937422F8-E8E8-4411-8A43-02052CC588CF}.Develop.ActiveCfg = Debug|Win32
		{937422F8-E8E8-4411-8A43-02052CC588CF}.Develop.Build.0 = Debug|Win32
		{937422F8-E8E8-4411-8A43-02052CC588CF}.MSHeap Debug.ActiveCfg = MSHeap Debug|Win32
		{937422F8-E8E8-4411-8A43-02052CC588CF}.MSHeap Debug.Build.0 = MSHeap Debug|Win32
		{937422F8-E8E8-4411-8A43-02052CC588CF}.MSHeap Release.ActiveCfg = MSHeap Release|Win32
		{937422F8-E8E8-4411-8A43-02052CC588CF}.MSHeap Release.Build.0 = MSHeap Release|Win32
		{937422F8-E8E8-4411-8A43-02052CC588CF}.OptimizeForSpeed.ActiveCfg = Release|Win32
		{937422F8-E8E8-4411-8A43-02052CC588CF}.OptimizeForSpeed.Build.0 = Release|Win32
		{937422F8-E8E8-4411-8A43-02052CC588CF}.Release.ActiveCfg = Release|Win32
		{937422F8-E8E8-4411-8A43-02052CC588CF}.Release.Build.0 = Release|Win32
		{937422F8-E8E8-4411-8A43-02052CC588CF}.Release Thread Safe.ActiveCfg = Release|Win32
		{937422F8-E8E8-4411-8A43-02052CC588CF}.Release Thread Safe.Build.0 = Release|Win32
		{FE832EE3-AF58-4717-B7AD-39118B3FB67F}.Debug.ActiveCfg = Debug|Win32
		{FE832EE3-AF58-4717-B7AD-39118B3FB67F}.Debug.Build.0 = Debug|Win32
		{FE832EE3-AF58-4717-B7AD-39118B3FB67F}.Debug Thread Safe.ActiveCfg = Debug Thread Safe|Win32
		{FE832EE3-AF58-4717-B7AD-39118B3FB67F}.Debug Thread Safe.Build.0 = Debug Thread Safe|Win32
		{FE832EE3-AF58-4717-B7AD-39118B3FB67F}.Develop.ActiveCfg = Debug|Win32
		{FE832EE3-AF58-4717-B7AD-39118B3FB67F}.Develop.Build.0 = Debug|Win32
		{FE832EE3-AF58-4717-B7AD-39118B3FB67F}.MSHeap Debug.ActiveCfg = MSHeap Debug|Win32
		{FE832EE3-AF58-4717-B7AD-39118B3FB67F}.MSHeap Debug.Build.0 = MSHeap Debug|Win32
		{FE832EE3-AF58-4717-B7AD-39118B3FB67F}.MSHeap Release.ActiveCfg = MSHeap Release|Win32
		{FE832EE3-AF58-4717-B7AD-39118B3FB67F}.MSHeap Release.Build.0 = MSHeap Release|Win32
		{FE832EE3-AF58-4717-B7AD-39118B3FB67F}.OptimizeForSpeed.ActiveCfg = MSHeap Debug|Win32
		{FE832EE3-AF58-4717-B7AD-39118B3FB67F}.OptimizeForSpeed.Build.0 = MSHeap Debug|Win32
		{FE832EE3-AF58-4717-B7AD-39118B3FB67F}.Release.ActiveCfg = Release|Win32
		{FE832EE3-AF58-4717-B7AD-39118B3FB67F}.Release.Build.0 = Release|Win32
		{FE832EE3-AF58-4717-B7AD-39118B3FB67F}.Release Thread Safe.ActiveCfg = Release Thread Safe|Win32
		{FE832EE3-AF58-4717-B7AD-39118B3FB67F}.Release Thread Safe.Build.0 = Release Thread Safe|Win32
		{EC4CC363-E8FC-44CD-B2CD-3C22AAD32847}.Debug.ActiveCfg = Debug|Win32
		{EC4CC363-E8FC-44CD-B2CD-3C22AAD32847}.Debug.Build.0 = Debug|Win32
		{EC4CC363-E8FC-44CD-B2CD-3C22AAD32847}.Debug Thread Safe.ActiveCfg = Debug|Win32
		{EC4CC363-E8FC-44CD-B2CD-3C22AAD32847}.Debug Thread Safe.Build.0 = Debug|Win32
		{EC4CC363-E8FC-44CD-B2CD-3C22AAD32847}.Develop.ActiveCfg = Debug|Win32
		{EC4CC363-E8FC-44CD-B2CD-3C22AAD32847}.Develop.Build.0 = Debug|Win32
		{EC4CC363-E8FC-44CD-B2CD-3C22AAD32847}.MSHeap Debug.ActiveCfg = Debug|Win32
		{EC4CC363-E8FC-44CD-B2CD-3C22AAD32847}.MSHeap Debug.Build.0 = Debug|Win32
		{EC4CC363-E8FC-44CD-B2CD-3C22AAD32847}.MSHeap Release.ActiveCfg = Release|Win32
		{EC4CC363-E8FC-44CD-B2CD-3C22AAD32847}.MSHeap Release.Build.0 = Release|Win32
		{EC4CC363-E8FC-44CD-B2CD-3C22AAD32847}.OptimizeForSpeed.ActiveCfg = Debug|Win32
		{EC4CC363-E8FC-44CD-B2CD-3C22AAD32847}.OptimizeForSpeed.Build.0 = Debug|Win32
		{EC4CC363-E8FC-44CD-B2CD-3C22AAD32847}.Release.ActiveCfg = Release|Win32
		{EC4CC363-E8FC-44CD-B2CD-3C22AAD32847}.Release.Build.0 = Release|Win32
		{EC4CC363-E8FC-44CD-B2CD-3C22AAD32847}.Release Thread Safe.ActiveCfg = Release|Win32
		{EC4CC363-E8FC-44CD-B2CD-3C22AAD32847}.Release Thread Safe.Build.0 = Release|Win32
		{922A91D6-C25F-4035-87CD-578205D5ACB3}.Debug.ActiveCfg = Debug|Win32
		{922A91D6-C25F-4035-87CD-578205D5ACB3}.Debug.Build.0 = Debug|Win32
		{922A91D6-C25F-4035-87CD-578205D5ACB3}.Debug Thread Safe.ActiveCfg = Debug|Win32
		{922A91D6-C25F-4035-87CD-578205D5ACB3}.Debug Thread Safe.Build.0 = Debug|Win32
		{922A91D6-C25F-4035-87CD-578205D5ACB3}.Develop.ActiveCfg = Debug|Win32
		{922A91D6-C25F-4035-87CD-578205D5ACB3}.Develop.Build.0 = Debug|Win32
		{922A91D6-C25F-4035-87CD-578205D5ACB3}.MSHeap Debug.ActiveCfg = Debug|Win32
		{922A91D6-C25F-4035-87CD-578205D5ACB3}.MSHeap Debug.Build.0 = Debug|Win32
		{922A91D6-C25F-4035-87CD-578205D5ACB3}.MSHeap Release.ActiveCfg = Release|Win32
		{922A91D6-C25F-4035-87CD-578205D5ACB3}.MSHeap Release.Build.0 = Release|Win32
		{922A91D6-C25F-4035-87CD-578205D5ACB3}.OptimizeForSpeed.ActiveCfg = Release|Win32
		{922A91D6-C25F-4035-87CD-578205D5ACB3}.OptimizeForSpeed.Build.0 = Release|Win32
		{922A91D6-C25F-4035-87CD-578205D5ACB3}.Release.ActiveCfg = Release|Win32
		{922A91D6-C25F-4035-87CD-578205D5ACB3}.Release.Build.0 = Release|Win32
		{922A91D6-C25F-4035-87CD-578205D5ACB3}.Release Thread Safe.ActiveCfg = Release|Win32
		{922A91D6-C25F-4035-87CD-578205D5ACB3}.Release Thread Safe.Build.0 = Release|Win32
		{23543447-6DB2-45A4-A2E7-DF8287EBA8BB}.Debug.ActiveCfg = Debug|Win32
		{23543447-6DB2-45A4-A2E7-DF8287EBA8BB}.Debug.Build.0 = Debug|Win32
		{23543447-6DB2-45A4-A2E7-DF8287EBA8BB}.Debug Thread Safe.ActiveCfg = Debug|Win32
		{23543447-6DB2-45A4-A2E7-DF8287EBA8BB}.Debug Thread Safe.Build.0 = Debug|Win32
		{23543447-6DB2-45A4-A2E7-DF8287EBA8BB}.Develop.ActiveCfg = Debug|Win32
		{23543447-6DB2-45A4-A2E7-DF8287EBA8BB}.Develop.Build.0 = Debug|Win32
		{23543447-6DB2-45A4-A2E7-DF8287EBA8BB}.MSHeap Debug.ActiveCfg = Debug|Win32
		{23543447-6DB2-45A4-A2E7-DF8287EBA8BB}.MSHeap Debug.Build.0 = Debug|Win32
		{23543447-6DB2-45A4-A2E7-DF8287EBA8BB}.MSHeap Release.ActiveCfg = Release|Win32
		{23543447-6DB2-45A4-A2E7-DF8287EBA8BB}.MSHeap Release.Build.0 = Release|Win32
		{23543447-6DB2-45A4-A2E7-DF8287EBA8BB}.OptimizeForSpeed.ActiveCfg = Release|Win32
		{23543447-6DB2-45A4-A2E7-DF8287EBA8BB}.OptimizeForSpeed.Build.0 = Release|Win32
		{23543447-6DB2-45A4-A2E7-DF8287EBA8BB}.Release.ActiveCfg = Release|Win32
		{23543447-6DB2-45A4-A2E7-DF8287EBA8BB}.Release.Build.0 = Release|Win32
		{23543447-6DB2-45A4-A2E7-DF8287EBA8BB}.Release Thread Safe.ActiveCfg = Release|Win32
		{23543447-6DB2-45A4-A2E7-DF8287EBA8BB}.Release Thread Safe.Build.0 = Release|Win32
		{1C105F20-9F79-4D7B-9952-E06504F299D4}.Debug.ActiveCfg = Debug|Win32
		{1C105F20-9F79-4D7B-9952-E06504F299D4}.Debug.Build.0 = Debug|Win32
		{1C105F20-9F79-4D7B-9952-E06504F299D4}.Debug Thread Safe.ActiveCfg = Debug|Win32
		{1C105F20-9F79-4D7B-9952-E06504F299D4}.Debug Thread Safe.Build.0 = Debug|Win32
		{1C105F20-9F79-4D7B-9952-E06504F299D4}.Develop.ActiveCfg = Debug|Win32
		{1C105F20-9F79-4D7B-9952-E06504F299D4}.Develop.Build.0 = Debug|Win32
		{1C105F20-9F79-4D7B-9952-E06504F299D4}.MSHeap Debug.ActiveCfg = Debug|Win32
		{1C105F20-9F79-4D7B-9952-E06504F299D4}.MSHeap Debug.Build.0 = Debug|Win32
		{1C105F20-9F79-4D7B-9952-E06504F299D4}.MSHeap Release.ActiveCfg = Release|Win32
		{1C105F20-9F79-4D7B-9952-E06504F299D4}.MSHeap Release.Build.0 = Release|Win32
		{1C105F20-9F79-4D7B-9952-E06504F299D4}.OptimizeForSpeed.ActiveCfg = Release|Win32
		{1C105F20-9F79-4D7B-9952-E06504F299D4}.OptimizeForSpeed.Build.0 = Release|Win32
		{1C105F20-9F79-4D7B-9952-E06504F299D4}.Release.ActiveCfg = Release|Win32
		{1C105F20-9F79-4D7B-9952-E06504F299D4}.Release.Build.0 = Release|Win32
		{1C105F20-9F79-4D7B-9952-E06504F299D4}.Release Thread Safe.ActiveCfg = Release|Win32
		{1C105F20-9F79-4D7B-9952-E06504F299D4}.Release Thread Safe.Build.0 = Release|Win32
		{168FA7C0-D2C3-472C-9702-20B477E32679}.Debug.ActiveCfg = Debug|Win32
		{168FA7C0-D2C3-472C-9702-20B477E32679}.Debug.Build.0 = Debug|Win32
		{168FA7C0-D2C3-472C-9702-20B477E32679}.Debug Thread Safe.ActiveCfg = Debug|Win32
		{168FA7C0-D2C3-472C-9702-20B477E32679}.Debug Thread Safe.Build.0 = Debug|Win32
		{168FA7C0-D2C3-472C-9702-20B477E32679}.Develop.ActiveCfg = Debug|Win32
		{168FA7C0-D2C3-472C-9702-20B477E32679}.Develop.Build.0 = Debug|Win32
		{168FA7C0-D2C3-472C-9702-20B477E32679}.MSHeap Debug.ActiveCfg = MSHeap Debug|Win32
		{168FA7C0-D2C3-472C-9702-20B477E32679}.MSHeap Debug.Build.0 = MSHeap Debug|Win32
		{168FA7C0-D2C3-472C-9702-20B477E32679}.MSHeap Release.ActiveCfg = MSHeap Release|Win32
		{168FA7C0-D2C3-472C-9702-20B477E32679}.MSHeap Release.Build.0 = MSHeap Release|Win32
		{168FA7C0-D2C3-472C-9702-20B477E32679}.OptimizeForSpeed.ActiveCfg = MSHeap Debug|Win32
		{168FA7C0-D2C3-472C-9702-20B477E32679}.OptimizeForSpeed.Build.0 = MSHeap Debug|Win32
		{168FA7C0-D2C3-472C-9702-20B477E32679}.Release.ActiveCfg = Release|Win32
		{168FA7C0-D2C3-472C-9702-20B477E32679}.Release.Build.0 = Release|Win32
		{168FA7C0-D2C3-472C-9702-20B477E32679}.Release Thread Safe.ActiveCfg = Release|Win32
		{168FA7C0-D2C3-472C-9702-20B477E32679}.Release Thread Safe.Build.0 = Release|Win32
		{2A127306-B915-444E-8029-7CFF0CF68DFC}.Debug.ActiveCfg = Debug|Win32
		{2A127306-B915-444E-8029-7CFF0CF68DFC}.Debug.Build.0 = Debug|Win32
		{2A127306-B915-444E-8029-7CFF0CF68DFC}.Debug Thread Safe.ActiveCfg = Debug|Win32
		{2A127306-B915-444E-8029-7CFF0CF68DFC}.Debug Thread Safe.Build.0 = Debug|Win32
		{2A127306-B915-444E-8029-7CFF0CF68DFC}.Develop.ActiveCfg = Develop|Win32
		{2A127306-B915-444E-8029-7CFF0CF68DFC}.Develop.Build.0 = Develop|Win32
		{2A127306-B915-444E-8029-7CFF0CF68DFC}.MSHeap Debug.ActiveCfg = Debug|Win32
		{2A127306-B915-444E-8029-7CFF0CF68DFC}.MSHeap Debug.Build.0 = Debug|Win32
		{2A127306-B915-444E-8029-7CFF0CF68DFC}.MSHeap Release.ActiveCfg = Release|Win32
		{2A127306-B915-444E-8029-7CFF0CF68DFC}.MSHeap Release.Build.0 = Release|Win32
		{2A127306-B915-444E-8029-7CFF0CF68DFC}.OptimizeForSpeed.ActiveCfg = Release|Win32
		{2A127306-B915-444E-8029-7CFF0CF68DFC}.OptimizeForSpeed.Build.0 = Release|Win32
		{2A127306-B915-444E-8029-7CFF0CF68DFC}.Release.ActiveCfg = Release|Win32
		{2A127306-B915-444E-8029-7CFF0CF68DFC}.Release.Build.0 = Release|Win32
		{2A127306-B915-444E-8029-7CFF0CF68DFC}.Release Thread Safe.ActiveCfg = Release|Win32
		{2A127306-B915-444E-8029-7CFF0CF68DFC}.Release Thread Safe.Build.0 = Release|Win32
		{E94C9A85-FBD8-4F53-BB17-285D2148BAD0}.Debug.ActiveCfg = Debug|Win32
		{E94C9A85-FBD8-4F53-BB17-285D2148BAD0}.Debug.Build.0 = Debug|Win32
		{E94C9A85-FBD8-4F53-BB17-285D2148BAD0}.Debug Thread Safe.ActiveCfg = Debug|Win32
		{E94C9A85-FBD8-4F53-BB17-285D2148BAD0}.Debug Thread Safe.Build.0 = Debug|Win32
		{E94C9A85-FBD8-4F53-BB17-285D2148BAD0}.Develop.ActiveCfg = Debug|Win32
		{E94C9A85-FBD8-4F53-BB17-285D2148BAD0}.Develop.Build.0 = Debug|Win32
		{E94C9A85-FBD8-4F53-BB17-285D2148BAD0}.MSHeap Debug.ActiveCfg = MSHeap Debug|Win32
		{E94C9A85-FBD8-4F53-BB17-285D2148BAD0}.MSHeap Debug.Build.0 = MSHeap Debug|Win32
		{E94C9A85-FBD8-4F53-BB17-285D2148BAD0}.MSHeap Release.ActiveCfg = MSHeap Release|Win32
		{E94C9A85-FBD8-4F53-BB17-285D2148BAD0}.MSHeap Release.Build.0 = MSHeap Release|Win32
		{E94C9A85-FBD8-4F53-BB17-285D2148BAD0}.OptimizeForSpeed.ActiveCfg = Release|Win32
		{E94C9A85-FBD8-4F53-BB17-285D2148BAD0}.OptimizeForSpeed.Build.0 = Release|Win32
		{E94C9A85-FBD8-4F53-BB17-285D2148BAD0}.Release.ActiveCfg = Release|Win32
		{E94C9A85-FBD8-4F53-BB17-285D2148BAD0}.Release.Build.0 = Release|Win32
		{E94C9A85-FBD8-4F53-BB17-285D2148BAD0}.Release Thread Safe.ActiveCfg = Release|Win32
		{E94C9A85-FBD8-4F53-BB17-285D2148BAD0}.Release Thread Safe.Build.0 = Release|Win32
		{FB30EBAC-9CC3-409C-82B5-8A7083981087}.Debug.ActiveCfg = Debug|Win32
		{FB30EBAC-9CC3-409C-82B5-8A7083981087}.Debug.Build.0 = Debug|Win32
		{FB30EBAC-9CC3-409C-82B5-8A7083981087}.Debug Thread Safe.ActiveCfg = Debug|Win32
		{FB30EBAC-9CC3-409C-82B5-8A7083981087}.Debug Thread Safe.Build.0 = Debug|Win32
		{FB30EBAC-9CC3-409C-82B5-8A7083981087}.Develop.ActiveCfg = Debug|Win32
		{FB30EBAC-9CC3-409C-82B5-8A7083981087}.Develop.Build.0 = Debug|Win32
		{FB30EBAC-9CC3-409C-82B5-8A7083981087}.MSHeap Debug.ActiveCfg = Debug|Win32
		{FB30EBAC-9CC3-409C-82B5-8A7083981087}.MSHeap Debug.Build.0 = Debug|Win32
		{FB30EBAC-9CC3-409C-82B5-8A7083981087}.MSHeap Release.ActiveCfg = Release|Win32
		{FB30EBAC-9CC3-409C-82B5-8A7083981087}.MSHeap Release.Build.0 = Release|Win32
		{FB30EBAC-9CC3-409C-82B5-8A7083981087}.OptimizeForSpeed.ActiveCfg = Release|Win32
		{FB30EBAC-9CC3-409C-82B5-8A7083981087}.OptimizeForSpeed.Build.0 = Release|Win32
		{FB30EBAC-9CC3-409C-82B5-8A7083981087}.Release.ActiveCfg = Release|Win32
		{FB30EBAC-9CC3-409C-82B5-8A7083981087}.Release.Build.0 = Release|Win32
		{FB30EBAC-9CC3-409C-82B5-8A7083981087}.Release Thread Safe.ActiveCfg = Release|Win32
		{FB30EBAC-9CC3-409C-82B5-8A7083981087}.Release Thread Safe.Build.0 = Release|Win32
		{B12B9D80-2386-4478-AB50-9AF9ABBA3FA7}.Debug.ActiveCfg = Debug|Win32
		{B12B9D80-2386-4478-AB50-9AF9ABBA3FA7}.Debug.Build.0 = Debug|Win32
		{B12B9D80-2386-4478-AB50-9AF9ABBA3FA7}.Debug Thread Safe.ActiveCfg = Debug|Win32
		{B12B9D80-2386-4478-AB50-9AF9ABBA3FA7}.Debug Thread Safe.Build.0 = Debug|Win32
		{B12B9D80-2386-4478-AB50-9AF9ABBA3FA7}.Develop.ActiveCfg = Debug|Win32
		{B12B9D80-2386-4478-AB50-9AF9ABBA3FA7}.Develop.Build.0 = Debug|Win32
		{B12B9D80-2386-4478-AB50-9AF9ABBA3FA7}.MSHeap Debug.ActiveCfg = Debug|Win32
		{B12B9D80-2386-4478-AB50-9AF9ABBA3FA7}.MSHeap Debug.Build.0 = Debug|Win32
		{B12B9D80-2386-4478-AB50-9AF9ABBA3FA7}.MSHeap Release.ActiveCfg = Release|Win32
		{B12B9D80-2386-4478-AB50-9AF9ABBA3FA7}.MSHeap Release.Build.0 = Release|Win32
		{B12B9D80-2386-4478-AB50-9AF9ABBA3FA7}.OptimizeForSpeed.ActiveCfg = Release|Win32
		{B12B9D80-2386-4478-AB50-9AF9ABBA3FA7}.OptimizeForSpeed.Build.0 = Release|Win32
		{B12B9D80-2386-4478-AB50-9AF9ABBA3FA7}.Release.ActiveCfg = Release|Win32
		{B12B9D80-2386-4478-AB50-9AF9ABBA3FA7}.Release.Build.0 = Release|Win32
		{B12B9D80-2386-4478-AB50-9AF9ABBA3FA7}.Release Thread Safe.ActiveCfg = Release|Win32
		{B12B9D80-2386-4478-AB50-9AF9ABBA3FA7}.Release Thread Safe.Build.0 = Release|Win32
		{09B93907-BB96-40E4-AE52-95AF862FE04F}.Debug.ActiveCfg = Debug|Win32
		{09B93907-BB96-40E4-AE52-95AF862FE04F}.Debug.Build.0 = Debug|Win32
		{09B93907-BB96-40E4-AE52-95AF862FE04F}.Debug Thread Safe.ActiveCfg = Debug|Win32
		{09B93907-BB96-40E4-AE52-95AF862FE04F}.Debug Thread Safe.Build.0 = Debug|Win32
		{09B93907-BB96-40E4-AE52-95AF862FE04F}.Develop.ActiveCfg = Debug|Win32
		{09B93907-BB96-40E4-AE52-95AF862FE04F}.Develop.Build.0 = Debug|Win32
		{09B93907-BB96-40E4-AE52-95AF862FE04F}.MSHeap Debug.ActiveCfg = Debug|Win32
		{09B93907-BB96-40E4-AE52-95AF862FE04F}.MSHeap Debug.Build.0 = Debug|Win32
		{09B93907-BB96-40E4-AE52-95AF862FE04F}.MSHeap Release.ActiveCfg = Release|Win32
		{09B93907-BB96-40E4-AE52-95AF862FE04F}.MSHeap Release.Build.0 = Release|Win32
		{09B93907-BB96-40E4-AE52-95AF862FE04F}.OptimizeForSpeed.ActiveCfg = Debug|Win32
		{09B93907-BB96-40E4-AE52-95AF862FE04F}.OptimizeForSpeed.Build.0 = Debug|Win32
		{09B93907-BB96-40E4-AE52-95AF862FE04F}.Release.ActiveCfg = Release|Win32
		{09B93907-BB96-40E4-AE52-95AF862FE04F}.Release.Build.0 = Release|Win32
		{09B93907-BB96-40E4-AE52-95AF862FE04F}.Release Thread Safe.ActiveCfg = Release|Win32
		{09B93907-BB96-40E4-AE52-95AF862FE04F}.Release Thread Safe.Build.0 = Release|Win32
		{23CB7D10-4E99-441C-A214-AD3B6E543E5B}.Debug.ActiveCfg = Debug|Win32
		{23CB7D10-4E99-441C-A214-AD3B6E543E5B}.Debug.Build.0 = Debug|Win32
		{23CB7D10-4E99-441C-A214-AD3B6E543E5B}.Debug Thread Safe.ActiveCfg = Debug|Win32
		{23CB7D10-4E99-441C-A214-AD3B6E543E5B}.Debug Thread Safe.Build.0 = Debug|Win32
		{23CB7D10-4E99-441C-A214-AD3B6E543E5B}.Develop.ActiveCfg = Debug|Win32
		{23CB7D10-4E99-441C-A214-AD3B6E543E5B}.Develop.Build.0 = Debug|Win32
		{23CB7D10-4E99-441C-A214-AD3B6E543E5B}.MSHeap Debug.ActiveCfg = Debug|Win32
		{23CB7D10-4E99-441C-A214-AD3B6E543E5B}.MSHeap Debug.Build.0 = Debug|Win32
		{23CB7D10-4E99-441C-A214-AD3B6E543E5B}.MSHeap Release.ActiveCfg = Release|Win32
		{23CB7D10-4E99-441C-A214-AD3B6E543E5B}.MSHeap Release.Build.0 = Release|Win32
		{23CB7D10-4E99-441C-A214-AD3B6E543E5B}.OptimizeForSpeed.ActiveCfg = Release|Win32
		{23CB7D10-4E99-441C-A214-AD3B6E543E5B}.OptimizeForSpeed.Build.0 = Release|Win32
		{23CB7D10-4E99-441C-A214-AD3B6E543E5B}.Release.ActiveCfg = Release|Win32
		{23CB7D10-4E99-441C-A214-AD3B6E543E5B}.Release.Build.0 = Release|Win32
		{23CB7D10-4E99-441C-A214-AD3B6E543E5B}.Release Thread Safe.ActiveCfg = Release|Win32
		{23CB7D10-4E99-441C-A214-AD3B6E543E5B}.Release Thread Safe.Build.0 = Release|Win32
		{30081709-821A-4FD1-9577-02A626ED1477}.Debug.ActiveCfg = Debug|Win32
		{30081709-821A-4FD1-9577-02A626ED1477}.Debug.Build.0 = Debug|Win32
		{30081709-821A-4FD1-9577-02A626ED1477}.Debug Thread Safe.ActiveCfg = Debug|Win32
		{30081709-821A-4FD1-9577-02A626ED1477}.Debug Thread Safe.Build.0 = Debug|Win32
		{30081709-821A-4FD1-9577-02A626ED1477}.Develop.ActiveCfg = Debug|Win32
		{30081709-821A-4FD1-9577-02A626ED1477}.Develop.Build.0 = Debug|Win32
		{30081709-821A-4FD1-9577-02A626ED1477}.MSHeap Debug.ActiveCfg = Debug|Win32
		{30081709-821A-4FD1-9577-02A626ED1477}.MSHeap Debug.Build.0 = Debug|Win32
		{30081709-821A-4FD1-9577-02A626ED1477}.MSHeap Release.ActiveCfg = Release|Win32
		{30081709-821A-4FD1-9577-02A626ED1477}.MSHeap Release.Build.0 = Release|Win32
		{30081709-821A-4FD1-9577-02A626ED1477}.OptimizeForSpeed.ActiveCfg = Release|Win32
		{30081709-821A-4FD1-9577-02A626ED1477}.OptimizeForSpeed.Build.0 = Release|Win32
		{30081709-821A-4FD1-9577-02A626ED1477}.Release.ActiveCfg = Release|Win32
		{30081709-821A-4FD1-9577-02A626ED1477}.Release.Build.0 = Release|Win32
		{30081709-821A-4FD1-9577-02A626ED1477}.Release Thread Safe.ActiveCfg = Release|Win32
		{30081709-821A-4FD1-9577-02A626ED1477}.Release Thread Safe.Build.0 = Release|Win32
		{7BC249A8-0E54-4D3F-8965-4F49F8C2C4E4}.Debug.ActiveCfg = Debug|Win32
		{7BC249A8-0E54-4D3F-8965-4F49F8C2C4E4}.Debug.Build.0 = Debug|Win32
		{7BC249A8-0E54-4D3F-8965-4F49F8C2C4E4}.Debug Thread Safe.ActiveCfg = Debug|Win32
		{7BC249A8-0E54-4D3F-8965-4F49F8C2C4E4}.Debug Thread Safe.Build.0 = Debug|Win32
		{7BC249A8-0E54-4D3F-8965-4F49F8C2C4E4}.Develop.ActiveCfg = Debug|Win32
		{7BC249A8-0E54-4D3F-8965-4F49F8C2C4E4}.Develop.Build.0 = Debug|Win32
		{7BC249A8-0E54-4D3F-8965-4F49F8C2C4E4}.MSHeap Debug.ActiveCfg = Debug|Win32
		{7BC249A8-0E54-4D3F-8965-4F49F8C2C4E4}.MSHeap Debug.Build.0 = Debug|Win32
		{7BC249A8-0E54-4D3F-8965-4F49F8C2C4E4}.MSHeap Release.ActiveCfg = Release|Win32
		{7BC249A8-0E54-4D3F-8965-4F49F8C2C4E4}.MSHeap Release.Build.0 = Release|Win32
		{7BC249A8-0E54-4D3F-8965-4F49F8C2C4E4}.OptimizeForSpeed.ActiveCfg = Release|Win32
		{7BC249A8-0E54-4D3F-8965-4F49F8C2C4E4}.OptimizeForSpeed.Build.0 = Release|Win32
		{7BC249A8-0E54-4D3F-8965-4F49F8C2C4E4}.Release.ActiveCfg = Release|Win32
		{7BC249A8-0E54-4D3F-8965-4F49F8C2C4E4}.Release.Build.0 = Release|Win32
		{7BC249A8-0E54-4D3F-8965-4F49F8C2C4E4}.Release Thread Safe.ActiveCfg = Release|Win32
		{7BC249A8-0E54-4D3F-8965-4F49F8C2C4E4}.Release Thread Safe.Build.0 = Release|Win32
	EndGlobalSection
	GlobalSection(ExtensibilityGlobals) = postSolution
	EndGlobalSection
	GlobalSection(ExtensibilityAddIns) = postSolution
	EndGlobalSection
EndGlobal
