<?xml version="1.0" encoding="utf-8"?>
<Project ToolsVersion="4.0" xmlns="http://schemas.microsoft.com/developer/msbuild/2003">
  <ItemGroup>
    <Filter Include="Source Files">
      <UniqueIdentifier>{6cb2e78a-2266-4457-96d9-d1d8d16d1a25}</UniqueIdentifier>
    </Filter>
    <Filter Include="Shared Headers">
      <UniqueIdentifier>{07c335a7-0965-4096-b249-fe89df4ad3b0}</UniqueIdentifier>
    </Filter>
  </ItemGroup>
  <ItemGroup>
    <ClCompile Include="SysContainer.cpp">
      <Filter>Source Files</Filter>
    </ClCompile>
    <ClCompile Include="WindowManager.cpp">
      <Filter>Source Files</Filter>
    </ClCompile>
  </ItemGroup>
  <ItemGroup>
    <ClInclude Include="..\..\Include\Dacom.h">
      <Filter>Shared Headers</Filter>
    </ClInclude>
    <ClInclude Include="..\..\Include\HeapObj.h">
      <Filter>Shared Headers</Filter>
    </ClInclude>
    <ClInclude Include="..\..\Include\IConnection.h">
      <Filter>Shared Headers</Filter>
    </ClInclude>
    <ClInclude Include="..\..\Include\IDumpText.h">
      <Filter>Shared Headers</Filter>
    </ClInclude>
    <ClInclude Include="..\..\Include\IProfileParser.h">
      <Filter>Shared Headers</Filter>
    </ClInclude>
    <ClInclude Include="..\..\Include\Results.h">
      <Filter>Shared Headers</Filter>
    </ClInclude>
    <ClInclude Include="..\..\Include\System.h">
      <Filter>Shared Headers</Filter>
    </ClInclude>
    <ClInclude Include="..\..\Include\TComponent.h">
      <Filter>Shared Headers</Filter>
    </ClInclude>
    <ClInclude Include="..\..\Include\TConnContainer.h">
      <Filter>Shared Headers</Filter>
    </ClInclude>
    <ClInclude Include="..\..\Include\TConnPoint.h">
      <Filter>Shared Headers</Filter>
    </ClInclude>
    <ClInclude Include="..\..\Include\TSmartPointer.h">
      <Filter>Shared Headers</Filter>
    </ClInclude>
    <ClInclude Include="..\..\Include\Typedefs.h">
      <Filter>Shared Headers</Filter>
    </ClInclude>
    <ClInclude Include="..\..\Include\WindowManager.h">
      <Filter>Shared Headers</Filter>
    </ClInclude>
  </ItemGroup>
</Project>