<?xml version="1.0" encoding="utf-8"?>
<Project ToolsVersion="4.0" xmlns="http://schemas.microsoft.com/developer/msbuild/2003">
  <ItemGroup>
    <Filter Include="Source Files">
      <UniqueIdentifier>{25892267-976a-4941-8b26-8873d81c3176}</UniqueIdentifier>
      <Extensions>cpp;c;cxx;rc;def;r;odl;idl;hpj;bat</Extensions>
    </Filter>
    <Filter Include="Source Files\Core">
      <UniqueIdentifier>{fc33fa10-11a9-487e-81e9-c289917e54b5}</UniqueIdentifier>
    </Filter>
    <Filter Include="Header Files">
      <UniqueIdentifier>{84bb986a-da40-4640-bf1a-62980a774485}</UniqueIdentifier>
      <Extensions>h;hpp;hxx;hm;inl</Extensions>
    </Filter>
    <Filter Include="Resource Files">
      <UniqueIdentifier>{55aaa22a-557b-4519-b852-a90f8f16369f}</UniqueIdentifier>
      <Extensions>ico;cur;bmp;dlg;rc2;rct;bin;rgs;gif;jpg;jpeg;jpe</Extensions>
    </Filter>
  </ItemGroup>
  <ItemGroup>
    <ClCompile Include="ArchList.cpp">
      <Filter>Source Files</Filter>
    </ClCompile>
    <ClCompile Include="Camera.cpp">
      <Filter>Source Files</Filter>
    </ClCompile>
    <ClCompile Include="EffectAction.cpp">
      <Filter>Source Files</Filter>
    </ClCompile>
    <ClCompile Include="EffectActionAnim.cpp">
      <Filter>Source Files</Filter>
    </ClCompile>
    <ClCompile Include="EffectActionGameEvent.cpp">
      <Filter>Source Files</Filter>
    </ClCompile>
    <ClCompile Include="EffectActionHideTarget.cpp">
      <Filter>Source Files</Filter>
    </ClCompile>
    <ClCompile Include="EffectActionJointTrack.cpp">
      <Filter>Source Files</Filter>
    </ClCompile>
    <ClCompile Include="EffectActionListen.cpp">
      <Filter>Source Files</Filter>
    </ClCompile>
    <ClCompile Include="EffectActionParticle.cpp">
      <Filter>Source Files</Filter>
    </ClCompile>
    <ClCompile Include="EffectActionSound.cpp">
      <Filter>Source Files</Filter>
    </ClCompile>
    <ClCompile Include="EffectActionSwitch.cpp">
      <Filter>Source Files</Filter>
    </ClCompile>
    <ClCompile Include="EffectEvent.cpp">
      <Filter>Source Files</Filter>
    </ClCompile>
    <ClCompile Include="EffectParam.cpp">
      <Filter>Source Files</Filter>
    </ClCompile>
    <ClCompile Include="EffectTarget.cpp">
      <Filter>Source Files</Filter>
    </ClCompile>
    <ClCompile Include="PreviewWin.cpp">
      <Filter>Source Files</Filter>
    </ClCompile>
    <ClCompile Include="Startup.cpp">
      <Filter>Source Files</Filter>
    </ClCompile>
    <ClCompile Include="StdAfx.cpp">
      <Filter>Source Files</Filter>
    </ClCompile>
    <ClCompile Include="SuperTrans.cpp">
      <Filter>Source Files</Filter>
    </ClCompile>
    <ClCompile Include="TargetAnim.cpp">
      <Filter>Source Files</Filter>
    </ClCompile>
    <ClCompile Include="TargetCue.cpp">
      <Filter>Source Files</Filter>
    </ClCompile>
    <ClCompile Include="TargetHp.cpp">
      <Filter>Source Files</Filter>
    </ClCompile>
    <ClCompile Include="EffectEd.cpp">
      <Filter>Source Files\Core</Filter>
    </ClCompile>
    <ClCompile Include="EffectFile.cpp">
      <Filter>Source Files\Core</Filter>
    </ClCompile>
    <ClCompile Include="EventGraph.cpp">
      <Filter>Source Files\Core</Filter>
    </ClCompile>
    <ClCompile Include="InfoArea.cpp">
      <Filter>Source Files\Core</Filter>
    </ClCompile>
    <ClCompile Include="MathLayoutWin.cpp">
      <Filter>Source Files\Core</Filter>
    </ClCompile>
    <ClCompile Include="ParticleView.cpp">
      <Filter>Source Files\Core</Filter>
    </ClCompile>
    <ClCompile Include="SplitterWnd.cpp">
      <Filter>Source Files\Core</Filter>
    </ClCompile>
  </ItemGroup>
  <ItemGroup>
    <ClInclude Include="ArchList.h">
      <Filter>Header Files</Filter>
    </ClInclude>
    <ClInclude Include="Camera.h">
      <Filter>Header Files</Filter>
    </ClInclude>
    <ClInclude Include="EventGraph.h">
      <Filter>Header Files</Filter>
    </ClInclude>
    <ClInclude Include="globals.h">
      <Filter>Header Files</Filter>
    </ClInclude>
    <ClInclude Include="GridVector.h">
      <Filter>Header Files</Filter>
    </ClInclude>
    <ClInclude Include="IEffectAction.h">
      <Filter>Header Files</Filter>
    </ClInclude>
    <ClInclude Include="IEffectEvent.h">
      <Filter>Header Files</Filter>
    </ClInclude>
    <ClInclude Include="IEffectFile.h">
      <Filter>Header Files</Filter>
    </ClInclude>
    <ClInclude Include="IEffectParam.h">
      <Filter>Header Files</Filter>
    </ClInclude>
    <ClInclude Include="IEffectTarget.h">
      <Filter>Header Files</Filter>
    </ClInclude>
    <ClInclude Include="InfoArea.h">
      <Filter>Header Files</Filter>
    </ClInclude>
    <ClInclude Include="ITargetAnim.h">
      <Filter>Header Files</Filter>
    </ClInclude>
    <ClInclude Include="ITargetCue.h">
      <Filter>Header Files</Filter>
    </ClInclude>
    <ClInclude Include="ITargetHp.h">
      <Filter>Header Files</Filter>
    </ClInclude>
    <ClInclude Include="MathLayoutWin.h">
      <Filter>Header Files</Filter>
    </ClInclude>
    <ClInclude Include="MyVertex.h">
      <Filter>Header Files</Filter>
    </ClInclude>
    <ClInclude Include="ParticleView.h">
      <Filter>Header Files</Filter>
    </ClInclude>
    <ClInclude Include="PreviewWin.h">
      <Filter>Header Files</Filter>
    </ClInclude>
    <ClInclude Include="SplitterWnd.h">
      <Filter>Header Files</Filter>
    </ClInclude>
    <ClInclude Include="StdAfx.h">
      <Filter>Header Files</Filter>
    </ClInclude>
    <ClInclude Include="SuperTrans.h">
      <Filter>Header Files</Filter>
    </ClInclude>
    <ClInclude Include="SysManager.H">
      <Filter>Header Files</Filter>
    </ClInclude>
    <ClInclude Include="TimeBar.h">
      <Filter>Header Files</Filter>
    </ClInclude>
    <ClInclude Include="resource.h">
      <Filter>Resource Files</Filter>
    </ClInclude>
    <ClInclude Include="Startup.h">
      <Filter>Resource Files</Filter>
    </ClInclude>
  </ItemGroup>
  <ItemGroup>
    <Image Include="bitmap1.bmp">
      <Filter>Resource Files</Filter>
    </Image>
    <Image Include="bmp00001.bmp">
      <Filter>Resource Files</Filter>
    </Image>
    <Image Include="bmp00002.bmp">
      <Filter>Resource Files</Filter>
    </Image>
    <Image Include="bmp00003.bmp">
      <Filter>Resource Files</Filter>
    </Image>
    <Image Include="bmp00004.bmp">
      <Filter>Resource Files</Filter>
    </Image>
  </ItemGroup>
  <ItemGroup>
    <ResourceCompile Include="Script1.rc">
      <Filter>Resource Files</Filter>
    </ResourceCompile>
  </ItemGroup>
  <ItemGroup>
    <Text Include="ReadMe.txt" />
  </ItemGroup>
  <ItemGroup>
    <CustomBuild Include="Search.asm">
      <Filter>Source Files</Filter>
    </CustomBuild>
  </ItemGroup>
</Project>